// !$*UTF8*$!
{
	archiveVersion = 1;
	classes = {
	};
	objectVersion = 46;
	objects = {

/* Begin PBXBuildFile section */
		2EE24B19518F006F14C02A32 /* libPods-PartyContacts.a in Frameworks */ = {isa = PBXBuildFile; fileRef = AC6BAC3AC28E34B9EBE90B00 /* libPods-PartyContacts.a */; };
		4C3DB7DA1F131EAD006018C4 /* DeviceUtils.m in Sources */ = {isa = PBXBuildFile; fileRef = 4C3DB7D91F131EAD006018C4 /* DeviceUtils.m */; };
		4C3DB7E01F1368B3006018C4 /* BaseService.m in Sources */ = {isa = PBXBuildFile; fileRef = 4C3DB7DF1F1368B3006018C4 /* BaseService.m */; };
		4C3DB7E31F136D14006018C4 /* HomeService.m in Sources */ = {isa = PBXBuildFile; fileRef = 4C3DB7E21F136D14006018C4 /* HomeService.m */; };
		4C3DB7E91F136EF0006018C4 /* BannerAPI.m in Sources */ = {isa = PBXBuildFile; fileRef = 4C3DB7E81F136EF0006018C4 /* BannerAPI.m */; };
		4C3DB7ED1F137100006018C4 /* Banner.m in Sources */ = {isa = PBXBuildFile; fileRef = 4C3DB7EC1F137100006018C4 /* Banner.m */; };
		4C655C3B1F0F2D1400B6CD66 /* ErrorUtils.m in Sources */ = {isa = PBXBuildFile; fileRef = 4C655C3A1F0F2D1400B6CD66 /* ErrorUtils.m */; };
		4CF2360D1F00AB24003CAA9E /* main.m in Sources */ = {isa = PBXBuildFile; fileRef = 4CF2360C1F00AB24003CAA9E /* main.m */; };
		4CF236101F00AB24003CAA9E /* AppDelegate.m in Sources */ = {isa = PBXBuildFile; fileRef = 4CF2360F1F00AB24003CAA9E /* AppDelegate.m */; };
		4CF236191F00AB24003CAA9E /* Main.storyboard in Resources */ = {isa = PBXBuildFile; fileRef = 4CF236171F00AB24003CAA9E /* Main.storyboard */; };
		4CF2361B1F00AB24003CAA9E /* Assets.xcassets in Resources */ = {isa = PBXBuildFile; fileRef = 4CF2361A1F00AB24003CAA9E /* Assets.xcassets */; };
		4CF2361E1F00AB24003CAA9E /* LaunchScreen.storyboard in Resources */ = {isa = PBXBuildFile; fileRef = 4CF2361C1F00AB24003CAA9E /* LaunchScreen.storyboard */; };
		4CF236271F00AC54003CAA9E /* HomePageViewController.m in Sources */ = {isa = PBXBuildFile; fileRef = 4CF236261F00AC54003CAA9E /* HomePageViewController.m */; };
		4CF2362A1F00AC70003CAA9E /* MessageViewController.m in Sources */ = {isa = PBXBuildFile; fileRef = 4CF236291F00AC70003CAA9E /* MessageViewController.m */; };
		4CF2362D1F00AC7E003CAA9E /* ContactsViewController.m in Sources */ = {isa = PBXBuildFile; fileRef = 4CF2362C1F00AC7E003CAA9E /* ContactsViewController.m */; };
		4CF236301F00ACA2003CAA9E /* MineViewController.m in Sources */ = {isa = PBXBuildFile; fileRef = 4CF2362F1F00ACA2003CAA9E /* MineViewController.m */; };
		4CF2363B1F00B5E2003CAA9E /* UINavigationBar+Awesome.m in Sources */ = {isa = PBXBuildFile; fileRef = 4CF2363A1F00B5E2003CAA9E /* UINavigationBar+Awesome.m */; };
		4CF236411F0A2367003CAA9E /* BaseRequest.m in Sources */ = {isa = PBXBuildFile; fileRef = 4CF236401F0A2367003CAA9E /* BaseRequest.m */; };
		4CF236441F0A2394003CAA9E /* ServerAPIResponse.m in Sources */ = {isa = PBXBuildFile; fileRef = 4CF236431F0A2394003CAA9E /* ServerAPIResponse.m */; };
		4CF236471F0A78EC003CAA9E /* ServerAPIConstants.m in Sources */ = {isa = PBXBuildFile; fileRef = 4CF236461F0A78EC003CAA9E /* ServerAPIConstants.m */; };
		4CF2364C1F0A8325003CAA9E /* URLCacheDAO.m in Sources */ = {isa = PBXBuildFile; fileRef = 4CF2364B1F0A8325003CAA9E /* URLCacheDAO.m */; };
		4CF236501F0BBDB2003CAA9E /* StringUtils.m in Sources */ = {isa = PBXBuildFile; fileRef = 4CF2364F1F0BBDB2003CAA9E /* StringUtils.m */; };
		4CF236531F0BC96B003CAA9E /* URLUtils.m in Sources */ = {isa = PBXBuildFile; fileRef = 4CF236521F0BC96B003CAA9E /* URLUtils.m */; };
		4CF2365B1F0D1692003CAA9E /* NSURL+QueryDictionary.m in Sources */ = {isa = PBXBuildFile; fileRef = 4CF236581F0D1692003CAA9E /* NSURL+QueryDictionary.m */; };
		4CF2365F1F0D2084003CAA9E /* ServerAPIUtils.m in Sources */ = {isa = PBXBuildFile; fileRef = 4CF2365E1F0D2084003CAA9E /* ServerAPIUtils.m */; };
/* End PBXBuildFile section */

/* Begin PBXFileReference section */
		4C3DB7D81F131EAD006018C4 /* DeviceUtils.h */ = {isa = PBXFileReference; fileEncoding = 4; lastKnownFileType = sourcecode.c.h; path = DeviceUtils.h; sourceTree = "<group>"; };
		4C3DB7D91F131EAD006018C4 /* DeviceUtils.m */ = {isa = PBXFileReference; fileEncoding = 4; lastKnownFileType = sourcecode.c.objc; path = DeviceUtils.m; sourceTree = "<group>"; };
		4C3DB7DB1F132FDC006018C4 /* Macros.h */ = {isa = PBXFileReference; lastKnownFileType = sourcecode.c.h; path = Macros.h; sourceTree = "<group>"; };
		4C3DB7DC1F133076006018C4 /* PrefixHeader.pch */ = {isa = PBXFileReference; lastKnownFileType = sourcecode.c.h; path = PrefixHeader.pch; sourceTree = "<group>"; };
		4C3DB7DE1F1368B3006018C4 /* BaseService.h */ = {isa = PBXFileReference; fileEncoding = 4; lastKnownFileType = sourcecode.c.h; path = BaseService.h; sourceTree = "<group>"; };
		4C3DB7DF1F1368B3006018C4 /* BaseService.m */ = {isa = PBXFileReference; fileEncoding = 4; lastKnownFileType = sourcecode.c.objc; path = BaseService.m; sourceTree = "<group>"; };
		4C3DB7E11F136D14006018C4 /* HomeService.h */ = {isa = PBXFileReference; fileEncoding = 4; lastKnownFileType = sourcecode.c.h; path = HomeService.h; sourceTree = "<group>"; };
		4C3DB7E21F136D14006018C4 /* HomeService.m */ = {isa = PBXFileReference; fileEncoding = 4; lastKnownFileType = sourcecode.c.objc; path = HomeService.m; sourceTree = "<group>"; };
		4C3DB7E71F136EF0006018C4 /* BannerAPI.h */ = {isa = PBXFileReference; fileEncoding = 4; lastKnownFileType = sourcecode.c.h; path = BannerAPI.h; sourceTree = "<group>"; };
		4C3DB7E81F136EF0006018C4 /* BannerAPI.m */ = {isa = PBXFileReference; fileEncoding = 4; lastKnownFileType = sourcecode.c.objc; path = BannerAPI.m; sourceTree = "<group>"; };
		4C3DB7EB1F137100006018C4 /* Banner.h */ = {isa = PBXFileReference; fileEncoding = 4; lastKnownFileType = sourcecode.c.h; path = Banner.h; sourceTree = "<group>"; };
		4C3DB7EC1F137100006018C4 /* Banner.m */ = {isa = PBXFileReference; fileEncoding = 4; lastKnownFileType = sourcecode.c.objc; path = Banner.m; sourceTree = "<group>"; };
		4C655C391F0F2D1400B6CD66 /* ErrorUtils.h */ = {isa = PBXFileReference; fileEncoding = 4; lastKnownFileType = sourcecode.c.h; path = ErrorUtils.h; sourceTree = "<group>"; };
		4C655C3A1F0F2D1400B6CD66 /* ErrorUtils.m */ = {isa = PBXFileReference; fileEncoding = 4; lastKnownFileType = sourcecode.c.objc; path = ErrorUtils.m; sourceTree = "<group>"; };
		4CF236081F00AB24003CAA9E /* PartyContacts.app */ = {isa = PBXFileReference; explicitFileType = wrapper.application; includeInIndex = 0; path = PartyContacts.app; sourceTree = BUILT_PRODUCTS_DIR; };
		4CF2360C1F00AB24003CAA9E /* main.m */ = {isa = PBXFileReference; lastKnownFileType = sourcecode.c.objc; path = main.m; sourceTree = "<group>"; };
		4CF2360E1F00AB24003CAA9E /* AppDelegate.h */ = {isa = PBXFileReference; lastKnownFileType = sourcecode.c.h; path = AppDelegate.h; sourceTree = "<group>"; };
		4CF2360F1F00AB24003CAA9E /* AppDelegate.m */ = {isa = PBXFileReference; lastKnownFileType = sourcecode.c.objc; path = AppDelegate.m; sourceTree = "<group>"; };
		4CF236181F00AB24003CAA9E /* Base */ = {isa = PBXFileReference; lastKnownFileType = file.storyboard; name = Base; path = Base.lproj/Main.storyboard; sourceTree = "<group>"; };
		4CF2361A1F00AB24003CAA9E /* Assets.xcassets */ = {isa = PBXFileReference; lastKnownFileType = folder.assetcatalog; path = Assets.xcassets; sourceTree = "<group>"; };
		4CF2361D1F00AB24003CAA9E /* Base */ = {isa = PBXFileReference; lastKnownFileType = file.storyboard; name = Base; path = Base.lproj/LaunchScreen.storyboard; sourceTree = "<group>"; };
		4CF2361F1F00AB24003CAA9E /* Info.plist */ = {isa = PBXFileReference; lastKnownFileType = text.plist.xml; path = Info.plist; sourceTree = "<group>"; };
		4CF236251F00AC54003CAA9E /* HomePageViewController.h */ = {isa = PBXFileReference; fileEncoding = 4; lastKnownFileType = sourcecode.c.h; path = HomePageViewController.h; sourceTree = "<group>"; };
		4CF236261F00AC54003CAA9E /* HomePageViewController.m */ = {isa = PBXFileReference; fileEncoding = 4; lastKnownFileType = sourcecode.c.objc; path = HomePageViewController.m; sourceTree = "<group>"; };
		4CF236281F00AC70003CAA9E /* MessageViewController.h */ = {isa = PBXFileReference; fileEncoding = 4; lastKnownFileType = sourcecode.c.h; path = MessageViewController.h; sourceTree = "<group>"; };
		4CF236291F00AC70003CAA9E /* MessageViewController.m */ = {isa = PBXFileReference; fileEncoding = 4; lastKnownFileType = sourcecode.c.objc; path = MessageViewController.m; sourceTree = "<group>"; };
		4CF2362B1F00AC7E003CAA9E /* ContactsViewController.h */ = {isa = PBXFileReference; fileEncoding = 4; lastKnownFileType = sourcecode.c.h; path = ContactsViewController.h; sourceTree = "<group>"; };
		4CF2362C1F00AC7E003CAA9E /* ContactsViewController.m */ = {isa = PBXFileReference; fileEncoding = 4; lastKnownFileType = sourcecode.c.objc; path = ContactsViewController.m; sourceTree = "<group>"; };
		4CF2362E1F00ACA2003CAA9E /* MineViewController.h */ = {isa = PBXFileReference; fileEncoding = 4; lastKnownFileType = sourcecode.c.h; path = MineViewController.h; sourceTree = "<group>"; };
		4CF2362F1F00ACA2003CAA9E /* MineViewController.m */ = {isa = PBXFileReference; fileEncoding = 4; lastKnownFileType = sourcecode.c.objc; path = MineViewController.m; sourceTree = "<group>"; };
		4CF236391F00B5E2003CAA9E /* UINavigationBar+Awesome.h */ = {isa = PBXFileReference; fileEncoding = 4; lastKnownFileType = sourcecode.c.h; path = "UINavigationBar+Awesome.h"; sourceTree = "<group>"; };
		4CF2363A1F00B5E2003CAA9E /* UINavigationBar+Awesome.m */ = {isa = PBXFileReference; fileEncoding = 4; lastKnownFileType = sourcecode.c.objc; path = "UINavigationBar+Awesome.m"; sourceTree = "<group>"; };
		4CF2363F1F0A2367003CAA9E /* BaseRequest.h */ = {isa = PBXFileReference; fileEncoding = 4; lastKnownFileType = sourcecode.c.h; path = BaseRequest.h; sourceTree = "<group>"; };
		4CF236401F0A2367003CAA9E /* BaseRequest.m */ = {isa = PBXFileReference; fileEncoding = 4; lastKnownFileType = sourcecode.c.objc; path = BaseRequest.m; sourceTree = "<group>"; };
		4CF236421F0A2394003CAA9E /* ServerAPIResponse.h */ = {isa = PBXFileReference; fileEncoding = 4; lastKnownFileType = sourcecode.c.h; path = ServerAPIResponse.h; sourceTree = "<group>"; };
		4CF236431F0A2394003CAA9E /* ServerAPIResponse.m */ = {isa = PBXFileReference; fileEncoding = 4; lastKnownFileType = sourcecode.c.objc; path = ServerAPIResponse.m; sourceTree = "<group>"; };
		4CF236451F0A78EC003CAA9E /* ServerAPIConstants.h */ = {isa = PBXFileReference; fileEncoding = 4; lastKnownFileType = sourcecode.c.h; path = ServerAPIConstants.h; sourceTree = "<group>"; };
		4CF236461F0A78EC003CAA9E /* ServerAPIConstants.m */ = {isa = PBXFileReference; fileEncoding = 4; lastKnownFileType = sourcecode.c.objc; path = ServerAPIConstants.m; sourceTree = "<group>"; };
		4CF2364A1F0A8325003CAA9E /* URLCacheDAO.h */ = {isa = PBXFileReference; fileEncoding = 4; lastKnownFileType = sourcecode.c.h; path = URLCacheDAO.h; sourceTree = "<group>"; };
		4CF2364B1F0A8325003CAA9E /* URLCacheDAO.m */ = {isa = PBXFileReference; fileEncoding = 4; lastKnownFileType = sourcecode.c.objc; path = URLCacheDAO.m; sourceTree = "<group>"; };
		4CF2364E1F0BBDB2003CAA9E /* StringUtils.h */ = {isa = PBXFileReference; fileEncoding = 4; lastKnownFileType = sourcecode.c.h; path = StringUtils.h; sourceTree = "<group>"; };
		4CF2364F1F0BBDB2003CAA9E /* StringUtils.m */ = {isa = PBXFileReference; fileEncoding = 4; lastKnownFileType = sourcecode.c.objc; path = StringUtils.m; sourceTree = "<group>"; };
		4CF236511F0BC96B003CAA9E /* URLUtils.h */ = {isa = PBXFileReference; fileEncoding = 4; lastKnownFileType = sourcecode.c.h; path = URLUtils.h; sourceTree = "<group>"; };
		4CF236521F0BC96B003CAA9E /* URLUtils.m */ = {isa = PBXFileReference; fileEncoding = 4; lastKnownFileType = sourcecode.c.objc; path = URLUtils.m; sourceTree = "<group>"; };
		4CF236571F0D1692003CAA9E /* NSURL+QueryDictionary.h */ = {isa = PBXFileReference; fileEncoding = 4; lastKnownFileType = sourcecode.c.h; path = "NSURL+QueryDictionary.h"; sourceTree = "<group>"; };
		4CF236581F0D1692003CAA9E /* NSURL+QueryDictionary.m */ = {isa = PBXFileReference; fileEncoding = 4; lastKnownFileType = sourcecode.c.objc; path = "NSURL+QueryDictionary.m"; sourceTree = "<group>"; };
		4CF2365D1F0D2084003CAA9E /* ServerAPIUtils.h */ = {isa = PBXFileReference; fileEncoding = 4; lastKnownFileType = sourcecode.c.h; path = ServerAPIUtils.h; sourceTree = "<group>"; };
		4CF2365E1F0D2084003CAA9E /* ServerAPIUtils.m */ = {isa = PBXFileReference; fileEncoding = 4; lastKnownFileType = sourcecode.c.objc; path = ServerAPIUtils.m; sourceTree = "<group>"; };
		9916C8790250D61FCA0377F4 /* Pods-PartyContacts.debug.xcconfig */ = {isa = PBXFileReference; includeInIndex = 1; lastKnownFileType = text.xcconfig; name = "Pods-PartyContacts.debug.xcconfig"; path = "Pods/Target Support Files/Pods-PartyContacts/Pods-PartyContacts.debug.xcconfig"; sourceTree = "<group>"; };
		AC6BAC3AC28E34B9EBE90B00 /* libPods-PartyContacts.a */ = {isa = PBXFileReference; explicitFileType = archive.ar; includeInIndex = 0; path = "libPods-PartyContacts.a"; sourceTree = BUILT_PRODUCTS_DIR; };
		EC7977D993A1E9F9741C7CBD /* Pods-PartyContacts.release.xcconfig */ = {isa = PBXFileReference; includeInIndex = 1; lastKnownFileType = text.xcconfig; name = "Pods-PartyContacts.release.xcconfig"; path = "Pods/Target Support Files/Pods-PartyContacts/Pods-PartyContacts.release.xcconfig"; sourceTree = "<group>"; };
/* End PBXFileReference section */

/* Begin PBXFrameworksBuildPhase section */
		4CF236051F00AB24003CAA9E /* Frameworks */ = {
			isa = PBXFrameworksBuildPhase;
			buildActionMask = 2147483647;
			files = (
				2EE24B19518F006F14C02A32 /* libPods-PartyContacts.a in Frameworks */,
			);
			runOnlyForDeploymentPostprocessing = 0;
		};
/* End PBXFrameworksBuildPhase section */

/* Begin PBXGroup section */
		4C3DB7DD1F136877006018C4 /* Services */ = {
			isa = PBXGroup;
			children = (
				4C3DB7DE1F1368B3006018C4 /* BaseService.h */,
				4C3DB7DF1F1368B3006018C4 /* BaseService.m */,
				4C3DB7E11F136D14006018C4 /* HomeService.h */,
				4C3DB7E21F136D14006018C4 /* HomeService.m */,
			);
			path = Services;
			sourceTree = "<group>";
		};
		4C3DB7EA1F1370ED006018C4 /* Models */ = {
			isa = PBXGroup;
			children = (
				4C3DB7EB1F137100006018C4 /* Banner.h */,
				4C3DB7EC1F137100006018C4 /* Banner.m */,
			);
			path = Models;
			sourceTree = "<group>";
		};
		4CF235FF1F00AB24003CAA9E = {
			isa = PBXGroup;
			children = (
				4CF2360A1F00AB24003CAA9E /* PartyContacts */,
				4CF236091F00AB24003CAA9E /* Products */,
				8EF51CAD7F792FD37FFB2977 /* Pods */,
				8F75135042C0A86ADE77F0BC /* Frameworks */,
			);
			sourceTree = "<group>";
		};
		4CF236091F00AB24003CAA9E /* Products */ = {
			isa = PBXGroup;
			children = (
				4CF236081F00AB24003CAA9E /* PartyContacts.app */,
			);
			name = Products;
			sourceTree = "<group>";
		};
		4CF2360A1F00AB24003CAA9E /* PartyContacts */ = {
			isa = PBXGroup;
			children = (
				4C3DB7EA1F1370ED006018C4 /* Models */,
				4C3DB7DD1F136877006018C4 /* Services */,
				4CF2364D1F0BBDA4003CAA9E /* Utils */,
				4CF236491F0A830E003CAA9E /* Storage */,
				4CF2363E1F0A2345003CAA9E /* ServerAPI */,
				4CF236371F00B5B6003CAA9E /* ThirdParty */,
				4CF236351F00B583003CAA9E /* ViewControllers */,
				4CF2360B1F00AB24003CAA9E /* Supporting Files */,
			);
			path = PartyContacts;
			sourceTree = "<group>";
		};
		4CF2360B1F00AB24003CAA9E /* Supporting Files */ = {
			isa = PBXGroup;
			children = (
				4CF2360E1F00AB24003CAA9E /* AppDelegate.h */,
				4CF2360F1F00AB24003CAA9E /* AppDelegate.m */,
				4CF2361A1F00AB24003CAA9E /* Assets.xcassets */,
				4CF2361F1F00AB24003CAA9E /* Info.plist */,
				4CF2361C1F00AB24003CAA9E /* LaunchScreen.storyboard */,
				4CF236171F00AB24003CAA9E /* Main.storyboard */,
				4CF2360C1F00AB24003CAA9E /* main.m */,
				4C3DB7DB1F132FDC006018C4 /* Macros.h */,
				4C3DB7DC1F133076006018C4 /* PrefixHeader.pch */,
			);
			name = "Supporting Files";
			sourceTree = "<group>";
		};
		4CF236351F00B583003CAA9E /* ViewControllers */ = {
			isa = PBXGroup;
			children = (
				4CF236251F00AC54003CAA9E /* HomePageViewController.h */,
				4CF236261F00AC54003CAA9E /* HomePageViewController.m */,
				4CF236281F00AC70003CAA9E /* MessageViewController.h */,
				4CF236291F00AC70003CAA9E /* MessageViewController.m */,
				4CF2362B1F00AC7E003CAA9E /* ContactsViewController.h */,
				4CF2362C1F00AC7E003CAA9E /* ContactsViewController.m */,
				4CF2362E1F00ACA2003CAA9E /* MineViewController.h */,
				4CF2362F1F00ACA2003CAA9E /* MineViewController.m */,
			);
			name = ViewControllers;
			sourceTree = "<group>";
		};
		4CF236371F00B5B6003CAA9E /* ThirdParty */ = {
			isa = PBXGroup;
			children = (
				4CF236541F0D1692003CAA9E /* NSURL+QueryDictionary */,
				4CF236381F00B5E2003CAA9E /* LTNavigationBar */,
			);
			name = ThirdParty;
			sourceTree = "<group>";
		};
		4CF236381F00B5E2003CAA9E /* LTNavigationBar */ = {
			isa = PBXGroup;
			children = (
				4CF236391F00B5E2003CAA9E /* UINavigationBar+Awesome.h */,
				4CF2363A1F00B5E2003CAA9E /* UINavigationBar+Awesome.m */,
			);
			path = LTNavigationBar;
			sourceTree = "<group>";
		};
		4CF2363E1F0A2345003CAA9E /* ServerAPI */ = {
			isa = PBXGroup;
			children = (
				4CF2363F1F0A2367003CAA9E /* BaseRequest.h */,
				4CF236401F0A2367003CAA9E /* BaseRequest.m */,
				4CF236421F0A2394003CAA9E /* ServerAPIResponse.h */,
				4CF236431F0A2394003CAA9E /* ServerAPIResponse.m */,
				4CF236451F0A78EC003CAA9E /* ServerAPIConstants.h */,
				4CF236461F0A78EC003CAA9E /* ServerAPIConstants.m */,
				4C3DB7E71F136EF0006018C4 /* BannerAPI.h */,
				4C3DB7E81F136EF0006018C4 /* BannerAPI.m */,
			);
			path = ServerAPI;
			sourceTree = "<group>";
		};
		4CF236491F0A830E003CAA9E /* Storage */ = {
			isa = PBXGroup;
			children = (
				4CF2364A1F0A8325003CAA9E /* URLCacheDAO.h */,
				4CF2364B1F0A8325003CAA9E /* URLCacheDAO.m */,
			);
			path = Storage;
			sourceTree = "<group>";
		};
		4CF2364D1F0BBDA4003CAA9E /* Utils */ = {
			isa = PBXGroup;
			children = (
				4CF2364E1F0BBDB2003CAA9E /* StringUtils.h */,
				4CF2364F1F0BBDB2003CAA9E /* StringUtils.m */,
				4CF236511F0BC96B003CAA9E /* URLUtils.h */,
				4CF236521F0BC96B003CAA9E /* URLUtils.m */,
				4CF2365D1F0D2084003CAA9E /* ServerAPIUtils.h */,
				4CF2365E1F0D2084003CAA9E /* ServerAPIUtils.m */,
				4C655C391F0F2D1400B6CD66 /* ErrorUtils.h */,
				4C655C3A1F0F2D1400B6CD66 /* ErrorUtils.m */,
				4C3DB7D81F131EAD006018C4 /* DeviceUtils.h */,
				4C3DB7D91F131EAD006018C4 /* DeviceUtils.m */,
			);
			path = Utils;
			sourceTree = "<group>";
		};
		4CF236541F0D1692003CAA9E /* NSURL+QueryDictionary */ = {
			isa = PBXGroup;
			children = (
				4CF236561F0D1692003CAA9E /* NSURL+QueryDictionary */,
			);
			path = "NSURL+QueryDictionary";
			sourceTree = "<group>";
		};
		4CF236561F0D1692003CAA9E /* NSURL+QueryDictionary */ = {
			isa = PBXGroup;
			children = (
				4CF236571F0D1692003CAA9E /* NSURL+QueryDictionary.h */,
				4CF236581F0D1692003CAA9E /* NSURL+QueryDictionary.m */,
			);
			path = "NSURL+QueryDictionary";
			sourceTree = "<group>";
		};
		8EF51CAD7F792FD37FFB2977 /* Pods */ = {
			isa = PBXGroup;
			children = (
				9916C8790250D61FCA0377F4 /* Pods-PartyContacts.debug.xcconfig */,
				EC7977D993A1E9F9741C7CBD /* Pods-PartyContacts.release.xcconfig */,
			);
			name = Pods;
			sourceTree = "<group>";
		};
		8F75135042C0A86ADE77F0BC /* Frameworks */ = {
			isa = PBXGroup;
			children = (
				AC6BAC3AC28E34B9EBE90B00 /* libPods-PartyContacts.a */,
			);
			name = Frameworks;
			sourceTree = "<group>";
		};
/* End PBXGroup section */

/* Begin PBXNativeTarget section */
		4CF236071F00AB24003CAA9E /* PartyContacts */ = {
			isa = PBXNativeTarget;
			buildConfigurationList = 4CF236221F00AB24003CAA9E /* Build configuration list for PBXNativeTarget "PartyContacts" */;
			buildPhases = (
				109C03CD2F6DD11F813351E8 /* [CP] Check Pods Manifest.lock */,
				4CF236041F00AB24003CAA9E /* Sources */,
				4CF236051F00AB24003CAA9E /* Frameworks */,
				4CF236061F00AB24003CAA9E /* Resources */,
				017CF820892377801AB5B582 /* [CP] Embed Pods Frameworks */,
				ABB280973978D08E3B640C45 /* [CP] Copy Pods Resources */,
			);
			buildRules = (
			);
			dependencies = (
			);
			name = PartyContacts;
			productName = PartyContacts;
			productReference = 4CF236081F00AB24003CAA9E /* PartyContacts.app */;
			productType = "com.apple.product-type.application";
		};
/* End PBXNativeTarget section */

/* Begin PBXProject section */
		4CF236001F00AB24003CAA9E /* Project object */ = {
			isa = PBXProject;
			attributes = {
				LastUpgradeCheck = 0830;
				ORGANIZATIONNAME = Michael;
				TargetAttributes = {
					4CF236071F00AB24003CAA9E = {
						CreatedOnToolsVersion = 8.3.2;
						DevelopmentTeam = 86UUNEZV42;
						ProvisioningStyle = Automatic;
					};
				};
			};
			buildConfigurationList = 4CF236031F00AB24003CAA9E /* Build configuration list for PBXProject "PartyContacts" */;
			compatibilityVersion = "Xcode 3.2";
			developmentRegion = English;
			hasScannedForEncodings = 0;
			knownRegions = (
				en,
				Base,
			);
			mainGroup = 4CF235FF1F00AB24003CAA9E;
			productRefGroup = 4CF236091F00AB24003CAA9E /* Products */;
			projectDirPath = "";
			projectRoot = "";
			targets = (
				4CF236071F00AB24003CAA9E /* PartyContacts */,
			);
		};
/* End PBXProject section */

/* Begin PBXResourcesBuildPhase section */
		4CF236061F00AB24003CAA9E /* Resources */ = {
			isa = PBXResourcesBuildPhase;
			buildActionMask = 2147483647;
			files = (
				4CF2361E1F00AB24003CAA9E /* LaunchScreen.storyboard in Resources */,
				4CF2361B1F00AB24003CAA9E /* Assets.xcassets in Resources */,
				4CF236191F00AB24003CAA9E /* Main.storyboard in Resources */,
			);
			runOnlyForDeploymentPostprocessing = 0;
		};
/* End PBXResourcesBuildPhase section */

/* Begin PBXShellScriptBuildPhase section */
		017CF820892377801AB5B582 /* [CP] Embed Pods Frameworks */ = {
			isa = PBXShellScriptBuildPhase;
			buildActionMask = 2147483647;
			files = (
			);
			inputPaths = (
			);
			name = "[CP] Embed Pods Frameworks";
			outputPaths = (
			);
			runOnlyForDeploymentPostprocessing = 0;
			shellPath = /bin/sh;
			shellScript = "\"${SRCROOT}/Pods/Target Support Files/Pods-PartyContacts/Pods-PartyContacts-frameworks.sh\"\n";
			showEnvVarsInLog = 0;
		};
		109C03CD2F6DD11F813351E8 /* [CP] Check Pods Manifest.lock */ = {
			isa = PBXShellScriptBuildPhase;
			buildActionMask = 2147483647;
			files = (
			);
			inputPaths = (
			);
			name = "[CP] Check Pods Manifest.lock";
			outputPaths = (
			);
			runOnlyForDeploymentPostprocessing = 0;
			shellPath = /bin/sh;
			shellScript = "diff \"${PODS_PODFILE_DIR_PATH}/Podfile.lock\" \"${PODS_ROOT}/Manifest.lock\" > /dev/null\nif [ $? != 0 ] ; then\n    # print error to STDERR\n    echo \"error: The sandbox is not in sync with the Podfile.lock. Run 'pod install' or update your CocoaPods installation.\" >&2\n    exit 1\nfi\n";
			showEnvVarsInLog = 0;
		};
		ABB280973978D08E3B640C45 /* [CP] Copy Pods Resources */ = {
			isa = PBXShellScriptBuildPhase;
			buildActionMask = 2147483647;
			files = (
			);
			inputPaths = (
			);
			name = "[CP] Copy Pods Resources";
			outputPaths = (
			);
			runOnlyForDeploymentPostprocessing = 0;
			shellPath = /bin/sh;
			shellScript = "\"${SRCROOT}/Pods/Target Support Files/Pods-PartyContacts/Pods-PartyContacts-resources.sh\"\n";
			showEnvVarsInLog = 0;
		};
/* End PBXShellScriptBuildPhase section */

/* Begin PBXSourcesBuildPhase section */
		4CF236041F00AB24003CAA9E /* Sources */ = {
			isa = PBXSourcesBuildPhase;
			buildActionMask = 2147483647;
			files = (
				4CF236441F0A2394003CAA9E /* ServerAPIResponse.m in Sources */,
				4CF2365B1F0D1692003CAA9E /* NSURL+QueryDictionary.m in Sources */,
				4C3DB7E31F136D14006018C4 /* HomeService.m in Sources */,
				4C3DB7E91F136EF0006018C4 /* BannerAPI.m in Sources */,
				4CF236531F0BC96B003CAA9E /* URLUtils.m in Sources */,
				4C3DB7ED1F137100006018C4 /* Banner.m in Sources */,
				4CF2364C1F0A8325003CAA9E /* URLCacheDAO.m in Sources */,
				4CF236471F0A78EC003CAA9E /* ServerAPIConstants.m in Sources */,
				4CF236101F00AB24003CAA9E /* AppDelegate.m in Sources */,
				4C3DB7E01F1368B3006018C4 /* BaseService.m in Sources */,
				4CF236501F0BBDB2003CAA9E /* StringUtils.m in Sources */,
				4CF2360D1F00AB24003CAA9E /* main.m in Sources */,
				4CF2362D1F00AC7E003CAA9E /* ContactsViewController.m in Sources */,
				4CF2363B1F00B5E2003CAA9E /* UINavigationBar+Awesome.m in Sources */,
				4CF236411F0A2367003CAA9E /* BaseRequest.m in Sources */,
				4C3DB7DA1F131EAD006018C4 /* DeviceUtils.m in Sources */,
				4CF236301F00ACA2003CAA9E /* MineViewController.m in Sources */,
				4C655C3B1F0F2D1400B6CD66 /* ErrorUtils.m in Sources */,
				4CF2365F1F0D2084003CAA9E /* ServerAPIUtils.m in Sources */,
				4CF2362A1F00AC70003CAA9E /* MessageViewController.m in Sources */,
				4CF236271F00AC54003CAA9E /* HomePageViewController.m in Sources */,
			);
			runOnlyForDeploymentPostprocessing = 0;
		};
/* End PBXSourcesBuildPhase section */

/* Begin PBXVariantGroup section */
		4CF236171F00AB24003CAA9E /* Main.storyboard */ = {
			isa = PBXVariantGroup;
			children = (
				4CF236181F00AB24003CAA9E /* Base */,
			);
			name = Main.storyboard;
			sourceTree = "<group>";
		};
		4CF2361C1F00AB24003CAA9E /* LaunchScreen.storyboard */ = {
			isa = PBXVariantGroup;
			children = (
				4CF2361D1F00AB24003CAA9E /* Base */,
			);
			name = LaunchScreen.storyboard;
			sourceTree = "<group>";
		};
/* End PBXVariantGroup section */

/* Begin XCBuildConfiguration section */
		4CF236201F00AB24003CAA9E /* Debug */ = {
			isa = XCBuildConfiguration;
			buildSettings = {
				ALWAYS_SEARCH_USER_PATHS = NO;
				CLANG_ANALYZER_NONNULL = YES;
				CLANG_ANALYZER_NUMBER_OBJECT_CONVERSION = YES_AGGRESSIVE;
				CLANG_CXX_LANGUAGE_STANDARD = "gnu++0x";
				CLANG_CXX_LIBRARY = "libc++";
				CLANG_ENABLE_MODULES = YES;
				CLANG_ENABLE_OBJC_ARC = YES;
				CLANG_WARN_BOOL_CONVERSION = YES;
				CLANG_WARN_CONSTANT_CONVERSION = YES;
				CLANG_WARN_DIRECT_OBJC_ISA_USAGE = YES_ERROR;
				CLANG_WARN_DOCUMENTATION_COMMENTS = YES;
				CLANG_WARN_EMPTY_BODY = YES;
				CLANG_WARN_ENUM_CONVERSION = YES;
				CLANG_WARN_INFINITE_RECURSION = YES;
				CLANG_WARN_INT_CONVERSION = YES;
				CLANG_WARN_OBJC_ROOT_CLASS = YES_ERROR;
				CLANG_WARN_SUSPICIOUS_MOVE = YES;
				CLANG_WARN_UNREACHABLE_CODE = YES;
				CLANG_WARN__DUPLICATE_METHOD_MATCH = YES;
				"CODE_SIGN_IDENTITY[sdk=iphoneos*]" = "iPhone Developer";
				COPY_PHASE_STRIP = NO;
				DEBUG_INFORMATION_FORMAT = dwarf;
				ENABLE_STRICT_OBJC_MSGSEND = YES;
				ENABLE_TESTABILITY = YES;
				GCC_C_LANGUAGE_STANDARD = gnu99;
				GCC_DYNAMIC_NO_PIC = NO;
				GCC_NO_COMMON_BLOCKS = YES;
				GCC_OPTIMIZATION_LEVEL = 0;
				GCC_PREPROCESSOR_DEFINITIONS = (
					"DEBUG=1",
					"$(inherited)",
				);
				GCC_WARN_64_TO_32_BIT_CONVERSION = YES;
				GCC_WARN_ABOUT_RETURN_TYPE = YES_ERROR;
				GCC_WARN_UNDECLARED_SELECTOR = YES;
				GCC_WARN_UNINITIALIZED_AUTOS = YES_AGGRESSIVE;
				GCC_WARN_UNUSED_FUNCTION = YES;
				GCC_WARN_UNUSED_VARIABLE = YES;
				IPHONEOS_DEPLOYMENT_TARGET = 10.3;
				MTL_ENABLE_DEBUG_INFO = YES;
				ONLY_ACTIVE_ARCH = YES;
				SDKROOT = iphoneos;
			};
			name = Debug;
		};
		4CF236211F00AB24003CAA9E /* Release */ = {
			isa = XCBuildConfiguration;
			buildSettings = {
				ALWAYS_SEARCH_USER_PATHS = NO;
				CLANG_ANALYZER_NONNULL = YES;
				CLANG_ANALYZER_NUMBER_OBJECT_CONVERSION = YES_AGGRESSIVE;
				CLANG_CXX_LANGUAGE_STANDARD = "gnu++0x";
				CLANG_CXX_LIBRARY = "libc++";
				CLANG_ENABLE_MODULES = YES;
				CLANG_ENABLE_OBJC_ARC = YES;
				CLANG_WARN_BOOL_CONVERSION = YES;
				CLANG_WARN_CONSTANT_CONVERSION = YES;
				CLANG_WARN_DIRECT_OBJC_ISA_USAGE = YES_ERROR;
				CLANG_WARN_DOCUMENTATION_COMMENTS = YES;
				CLANG_WARN_EMPTY_BODY = YES;
				CLANG_WARN_ENUM_CONVERSION = YES;
				CLANG_WARN_INFINITE_RECURSION = YES;
				CLANG_WARN_INT_CONVERSION = YES;
				CLANG_WARN_OBJC_ROOT_CLASS = YES_ERROR;
				CLANG_WARN_SUSPICIOUS_MOVE = YES;
				CLANG_WARN_UNREACHABLE_CODE = YES;
				CLANG_WARN__DUPLICATE_METHOD_MATCH = YES;
				"CODE_SIGN_IDENTITY[sdk=iphoneos*]" = "iPhone Developer";
				COPY_PHASE_STRIP = NO;
				DEBUG_INFORMATION_FORMAT = "dwarf-with-dsym";
				ENABLE_NS_ASSERTIONS = NO;
				ENABLE_STRICT_OBJC_MSGSEND = YES;
				GCC_C_LANGUAGE_STANDARD = gnu99;
				GCC_NO_COMMON_BLOCKS = YES;
				GCC_WARN_64_TO_32_BIT_CONVERSION = YES;
				GCC_WARN_ABOUT_RETURN_TYPE = YES_ERROR;
				GCC_WARN_UNDECLARED_SELECTOR = YES;
				GCC_WARN_UNINITIALIZED_AUTOS = YES_AGGRESSIVE;
				GCC_WARN_UNUSED_FUNCTION = YES;
				GCC_WARN_UNUSED_VARIABLE = YES;
				IPHONEOS_DEPLOYMENT_TARGET = 10.3;
				MTL_ENABLE_DEBUG_INFO = NO;
				SDKROOT = iphoneos;
				VALIDATE_PRODUCT = YES;
			};
			name = Release;
		};
		4CF236231F00AB24003CAA9E /* Debug */ = {
			isa = XCBuildConfiguration;
			baseConfigurationReference = 9916C8790250D61FCA0377F4 /* Pods-PartyContacts.debug.xcconfig */;
			buildSettings = {
				ASSETCATALOG_COMPILER_APPICON_NAME = AppIcon;
				DEVELOPMENT_TEAM = 86UUNEZV42;
				GCC_PRECOMPILE_PREFIX_HEADER = YES;
				GCC_PREFIX_HEADER = /Users/Michael/Developer/PartyContacts/PartyContacts/PrefixHeader.pch;
				INFOPLIST_FILE = PartyContacts/Info.plist;
				LD_RUNPATH_SEARCH_PATHS = "$(inherited) @executable_path/Frameworks";
				PRODUCT_BUNDLE_IDENTIFIER = com.MichaelOpenSourceFactory.PartyContacts;
				PRODUCT_NAME = "$(TARGET_NAME)";
			};
			name = Debug;
		};
		4CF236241F00AB24003CAA9E /* Release */ = {
			isa = XCBuildConfiguration;
			baseConfigurationReference = EC7977D993A1E9F9741C7CBD /* Pods-PartyContacts.release.xcconfig */;
			buildSettings = {
				ASSETCATALOG_COMPILER_APPICON_NAME = AppIcon;
				DEVELOPMENT_TEAM = 86UUNEZV42;
				GCC_PRECOMPILE_PREFIX_HEADER = YES;
				GCC_PREFIX_HEADER = /Users/Michael/Developer/PartyContacts/PartyContacts/PrefixHeader.pch;
				INFOPLIST_FILE = PartyContacts/Info.plist;
				LD_RUNPATH_SEARCH_PATHS = "$(inherited) @executable_path/Frameworks";
				PRODUCT_BUNDLE_IDENTIFIER = com.MichaelOpenSourceFactory.PartyContacts;
				PRODUCT_NAME = "$(TARGET_NAME)";
			};
			name = Release;
		};
/* End XCBuildConfiguration section */

/* Begin XCConfigurationList section */
		4CF236031F00AB24003CAA9E /* Build configuration list for PBXProject "PartyContacts" */ = {
			isa = XCConfigurationList;
			buildConfigurations = (
				4CF236201F00AB24003CAA9E /* Debug */,
				4CF236211F00AB24003CAA9E /* Release */,
			);
			defaultConfigurationIsVisible = 0;
			defaultConfigurationName = Release;
		};
		4CF236221F00AB24003CAA9E /* Build configuration list for PBXNativeTarget "PartyContacts" */ = {
			isa = XCConfigurationList;
			buildConfigurations = (
				4CF236231F00AB24003CAA9E /* Debug */,
				4CF236241F00AB24003CAA9E /* Release */,
			);
			defaultConfigurationIsVisible = 0;
			defaultConfigurationName = Release;
		};
/* End XCConfigurationList section */
	};
	rootObject = 4CF236001F00AB24003CAA9E /* Project object */;
}
