// !$*UTF8*$!
{
	archiveVersion = 1;
	classes = {
	};
	objectVersion = 46;
	objects = {

/* Begin PBXBuildFile section */
		2EE24B19518F006F14C02A32 /* libPods-PartyContacts.a in Frameworks */ = {isa = PBXBuildFile; fileRef = AC6BAC3AC28E34B9EBE90B00 /* libPods-PartyContacts.a */; };
		4C1A75D61F380A05002C1379 /* TabBarViewController.m in Sources */ = {isa = PBXBuildFile; fileRef = 4C1A75D51F380A05002C1379 /* TabBarViewController.m */; };
		4C1A75DA1F38B028002C1379 /* MessageTableViewCell.m in Sources */ = {isa = PBXBuildFile; fileRef = 4C1A75D81F38B028002C1379 /* MessageTableViewCell.m */; };
		4C1A75DB1F38B028002C1379 /* MessageTableViewCell.xib in Resources */ = {isa = PBXBuildFile; fileRef = 4C1A75D91F38B028002C1379 /* MessageTableViewCell.xib */; };
		4C1A75DF1F395A8F002C1379 /* MeetingViewCell.m in Sources */ = {isa = PBXBuildFile; fileRef = 4C1A75DD1F395A8F002C1379 /* MeetingViewCell.m */; };
		4C1A75E01F395A8F002C1379 /* MeetingViewCell.xib in Resources */ = {isa = PBXBuildFile; fileRef = 4C1A75DE1F395A8F002C1379 /* MeetingViewCell.xib */; };
		4C1A75E31F3B462C002C1379 /* PaymentUnpaidViewController.m in Sources */ = {isa = PBXBuildFile; fileRef = 4C1A75E21F3B462C002C1379 /* PaymentUnpaidViewController.m */; };
		4C1A75E61F3B463D002C1379 /* PaymentPaidViewController.m in Sources */ = {isa = PBXBuildFile; fileRef = 4C1A75E51F3B463D002C1379 /* PaymentPaidViewController.m */; };
		4C1A75ED1F3B47E6002C1379 /* PaymentViewCell.m in Sources */ = {isa = PBXBuildFile; fileRef = 4C1A75EB1F3B47E6002C1379 /* PaymentViewCell.m */; };
		4C1A75EE1F3B47E6002C1379 /* PaymentViewCell.xib in Resources */ = {isa = PBXBuildFile; fileRef = 4C1A75EC1F3B47E6002C1379 /* PaymentViewCell.xib */; };
		4C1A75F21F3B5491002C1379 /* NoticeViewCell.m in Sources */ = {isa = PBXBuildFile; fileRef = 4C1A75F01F3B5491002C1379 /* NoticeViewCell.m */; };
		4C1A75F31F3B5491002C1379 /* NoticeViewCell.xib in Resources */ = {isa = PBXBuildFile; fileRef = 4C1A75F11F3B5491002C1379 /* NoticeViewCell.xib */; };
		4C1A75F71F3C3CD5002C1379 /* VoteViewCell.m in Sources */ = {isa = PBXBuildFile; fileRef = 4C1A75F51F3C3CD5002C1379 /* VoteViewCell.m */; };
		4C1A75F81F3C3CD5002C1379 /* VoteViewCell.xib in Resources */ = {isa = PBXBuildFile; fileRef = 4C1A75F61F3C3CD5002C1379 /* VoteViewCell.xib */; };
		4C1A75FB1F400F56002C1379 /* article1.html in Resources */ = {isa = PBXBuildFile; fileRef = 4C1A75FA1F400F56002C1379 /* article1.html */; };
		4C1A75FD1F40109F002C1379 /* marked.js in Resources */ = {isa = PBXBuildFile; fileRef = 4C1A75FC1F40109F002C1379 /* marked.js */; };
		4C1A75FF1F401490002C1379 /* main.css in Resources */ = {isa = PBXBuildFile; fileRef = 4C1A75FE1F401490002C1379 /* main.css */; };
		4C1A76011F4022D3002C1379 /* article2.html in Resources */ = {isa = PBXBuildFile; fileRef = 4C1A76001F4022D3002C1379 /* article2.html */; };
		4C1A76041F4056DB002C1379 /* article4.html in Resources */ = {isa = PBXBuildFile; fileRef = 4C1A76021F4056DB002C1379 /* article4.html */; };
		4C1A76051F4056DB002C1379 /* article3.html in Resources */ = {isa = PBXBuildFile; fileRef = 4C1A76031F4056DB002C1379 /* article3.html */; };
		4C1A76081F405D7B002C1379 /* AnotherMessageViewController.m in Sources */ = {isa = PBXBuildFile; fileRef = 4C1A76071F405D7B002C1379 /* AnotherMessageViewController.m */; };
		4C1DF0A01F1DF1AD009BC27F /* PPAddressBookHandle.m in Sources */ = {isa = PBXBuildFile; fileRef = 4C1DF09A1F1DF1AD009BC27F /* PPAddressBookHandle.m */; };
		4C1DF0A11F1DF1AD009BC27F /* PPGetAddressBook.m in Sources */ = {isa = PBXBuildFile; fileRef = 4C1DF09C1F1DF1AD009BC27F /* PPGetAddressBook.m */; };
		4C1DF0A21F1DF1AD009BC27F /* PPPersonModel.m in Sources */ = {isa = PBXBuildFile; fileRef = 4C1DF09E1F1DF1AD009BC27F /* PPPersonModel.m */; };
		4C3DB7DA1F131EAD006018C4 /* DeviceUtils.m in Sources */ = {isa = PBXBuildFile; fileRef = 4C3DB7D91F131EAD006018C4 /* DeviceUtils.m */; };
		4C3DB7E01F1368B3006018C4 /* BaseService.m in Sources */ = {isa = PBXBuildFile; fileRef = 4C3DB7DF1F1368B3006018C4 /* BaseService.m */; };
		4C3DB7E31F136D14006018C4 /* HomeService.m in Sources */ = {isa = PBXBuildFile; fileRef = 4C3DB7E21F136D14006018C4 /* HomeService.m */; };
		4C3DB7E91F136EF0006018C4 /* BannerAPI.m in Sources */ = {isa = PBXBuildFile; fileRef = 4C3DB7E81F136EF0006018C4 /* BannerAPI.m */; };
		4C3DB7ED1F137100006018C4 /* Banner.m in Sources */ = {isa = PBXBuildFile; fileRef = 4C3DB7EC1F137100006018C4 /* Banner.m */; };
		4C3DB7F21F13A37E006018C4 /* InfinitePageView.m in Sources */ = {isa = PBXBuildFile; fileRef = 4C3DB7F11F13A37E006018C4 /* InfinitePageView.m */; };
		4C3DB7F71F13B51B006018C4 /* HomePageCollectionViewCell.m in Sources */ = {isa = PBXBuildFile; fileRef = 4C3DB7F51F13B51B006018C4 /* HomePageCollectionViewCell.m */; };
		4C3DB7F81F13B51B006018C4 /* HomePageCollectionViewCell.xib in Resources */ = {isa = PBXBuildFile; fileRef = 4C3DB7F61F13B51B006018C4 /* HomePageCollectionViewCell.xib */; };
		4C3DB7FD1F14A9EB006018C4 /* PartyContactsViewController.m in Sources */ = {isa = PBXBuildFile; fileRef = 4C3DB7FC1F14A9EB006018C4 /* PartyContactsViewController.m */; };
		4C3DB8001F14AA27006018C4 /* LocalContactsViewController.m in Sources */ = {isa = PBXBuildFile; fileRef = 4C3DB7FF1F14AA27006018C4 /* LocalContactsViewController.m */; };
		4C3DB8051F14AAB1006018C4 /* CAPSPageMenu.m in Sources */ = {isa = PBXBuildFile; fileRef = 4C3DB8041F14AAB1006018C4 /* CAPSPageMenu.m */; };
		4C3DB80A1F151C50006018C4 /* NativeInjector.m in Sources */ = {isa = PBXBuildFile; fileRef = 4C3DB8091F151C50006018C4 /* NativeInjector.m */; };
		4C655C3B1F0F2D1400B6CD66 /* ErrorUtils.m in Sources */ = {isa = PBXBuildFile; fileRef = 4C655C3A1F0F2D1400B6CD66 /* ErrorUtils.m */; };
		4C8BA4691F24876000DA3F2E /* MBProgressHUD.m in Sources */ = {isa = PBXBuildFile; fileRef = 4C8BA4681F24876000DA3F2E /* MBProgressHUD.m */; };
		4C8BA46D1F2487C700DA3F2E /* MBProgressHUD+Utils.m in Sources */ = {isa = PBXBuildFile; fileRef = 4C8BA46C1F2487C700DA3F2E /* MBProgressHUD+Utils.m */; };
		4CBE570C1F15BE1B00333611 /* NativeStub.m in Sources */ = {isa = PBXBuildFile; fileRef = 4CBE570B1F15BE1B00333611 /* NativeStub.m */; };
		4CBE570F1F15C9DC00333611 /* NativeStub+Navigation.m in Sources */ = {isa = PBXBuildFile; fileRef = 4CBE570E1F15C9DC00333611 /* NativeStub+Navigation.m */; };
		4CBE57121F16011E00333611 /* WebViewController.m in Sources */ = {isa = PBXBuildFile; fileRef = 4CBE57111F16011E00333611 /* WebViewController.m */; };
		4CC0F6251F2AD2D300CF78DA /* PaymentViewController.m in Sources */ = {isa = PBXBuildFile; fileRef = 4CC0F6241F2AD2D300CF78DA /* PaymentViewController.m */; };
		4CC0F6281F2AD2F200CF78DA /* GroupNoticeViewController.m in Sources */ = {isa = PBXBuildFile; fileRef = 4CC0F6271F2AD2F200CF78DA /* GroupNoticeViewController.m */; };
		4CC0F62B1F2AD31200CF78DA /* VoteViewController.m in Sources */ = {isa = PBXBuildFile; fileRef = 4CC0F62A1F2AD31200CF78DA /* VoteViewController.m */; };
		4CC0F62E1F2AD36A00CF78DA /* ActivityViewController.m in Sources */ = {isa = PBXBuildFile; fileRef = 4CC0F62D1F2AD36A00CF78DA /* ActivityViewController.m */; };
		4CC0F6311F2AD77F00CF78DA /* MeetingsViewController.m in Sources */ = {isa = PBXBuildFile; fileRef = 4CC0F6301F2AD77F00CF78DA /* MeetingsViewController.m */; };
		4CC5E59E1F25949200E30779 /* HeaderView.m in Sources */ = {isa = PBXBuildFile; fileRef = 4CC5E59D1F25949200E30779 /* HeaderView.m */; };
		4CC5E5A01F2594A200E30779 /* HeaderView.xib in Resources */ = {isa = PBXBuildFile; fileRef = 4CC5E59F1F2594A200E30779 /* HeaderView.xib */; };
		4CC5E5A31F2598AE00E30779 /* UIView+NibLoading.m in Sources */ = {isa = PBXBuildFile; fileRef = 4CC5E5A21F2598AE00E30779 /* UIView+NibLoading.m */; };
		4CF2360D1F00AB24003CAA9E /* main.m in Sources */ = {isa = PBXBuildFile; fileRef = 4CF2360C1F00AB24003CAA9E /* main.m */; };
		4CF236101F00AB24003CAA9E /* AppDelegate.m in Sources */ = {isa = PBXBuildFile; fileRef = 4CF2360F1F00AB24003CAA9E /* AppDelegate.m */; };
		4CF236191F00AB24003CAA9E /* Main.storyboard in Resources */ = {isa = PBXBuildFile; fileRef = 4CF236171F00AB24003CAA9E /* Main.storyboard */; };
		4CF2361B1F00AB24003CAA9E /* Assets.xcassets in Resources */ = {isa = PBXBuildFile; fileRef = 4CF2361A1F00AB24003CAA9E /* Assets.xcassets */; };
		4CF2361E1F00AB24003CAA9E /* LaunchScreen.storyboard in Resources */ = {isa = PBXBuildFile; fileRef = 4CF2361C1F00AB24003CAA9E /* LaunchScreen.storyboard */; };
		4CF236271F00AC54003CAA9E /* HomePageViewController.m in Sources */ = {isa = PBXBuildFile; fileRef = 4CF236261F00AC54003CAA9E /* HomePageViewController.m */; };
		4CF2362A1F00AC70003CAA9E /* MessageViewController.m in Sources */ = {isa = PBXBuildFile; fileRef = 4CF236291F00AC70003CAA9E /* MessageViewController.m */; };
		4CF2362D1F00AC7E003CAA9E /* ContactsViewController.m in Sources */ = {isa = PBXBuildFile; fileRef = 4CF2362C1F00AC7E003CAA9E /* ContactsViewController.m */; };
		4CF236301F00ACA2003CAA9E /* MineViewController.m in Sources */ = {isa = PBXBuildFile; fileRef = 4CF2362F1F00ACA2003CAA9E /* MineViewController.m */; };
		4CF2363B1F00B5E2003CAA9E /* UINavigationBar+Awesome.m in Sources */ = {isa = PBXBuildFile; fileRef = 4CF2363A1F00B5E2003CAA9E /* UINavigationBar+Awesome.m */; };
		4CF236411F0A2367003CAA9E /* BaseRequest.m in Sources */ = {isa = PBXBuildFile; fileRef = 4CF236401F0A2367003CAA9E /* BaseRequest.m */; };
		4CF236441F0A2394003CAA9E /* ServerAPIResponse.m in Sources */ = {isa = PBXBuildFile; fileRef = 4CF236431F0A2394003CAA9E /* ServerAPIResponse.m */; };
		4CF236471F0A78EC003CAA9E /* ServerAPIConstants.m in Sources */ = {isa = PBXBuildFile; fileRef = 4CF236461F0A78EC003CAA9E /* ServerAPIConstants.m */; };
		4CF2364C1F0A8325003CAA9E /* URLCacheDAO.m in Sources */ = {isa = PBXBuildFile; fileRef = 4CF2364B1F0A8325003CAA9E /* URLCacheDAO.m */; };
		4CF236501F0BBDB2003CAA9E /* StringUtils.m in Sources */ = {isa = PBXBuildFile; fileRef = 4CF2364F1F0BBDB2003CAA9E /* StringUtils.m */; };
		4CF236531F0BC96B003CAA9E /* URLUtils.m in Sources */ = {isa = PBXBuildFile; fileRef = 4CF236521F0BC96B003CAA9E /* URLUtils.m */; };
		4CF2365B1F0D1692003CAA9E /* NSURL+QueryDictionary.m in Sources */ = {isa = PBXBuildFile; fileRef = 4CF236581F0D1692003CAA9E /* NSURL+QueryDictionary.m */; };
		4CF2365F1F0D2084003CAA9E /* ServerAPIUtils.m in Sources */ = {isa = PBXBuildFile; fileRef = 4CF2365E1F0D2084003CAA9E /* ServerAPIUtils.m */; };
/* End PBXBuildFile section */

/* Begin PBXFileReference section */
		4C1A75D41F380A05002C1379 /* TabBarViewController.h */ = {isa = PBXFileReference; fileEncoding = 4; lastKnownFileType = sourcecode.c.h; path = TabBarViewController.h; sourceTree = "<group>"; };
		4C1A75D51F380A05002C1379 /* TabBarViewController.m */ = {isa = PBXFileReference; fileEncoding = 4; lastKnownFileType = sourcecode.c.objc; path = TabBarViewController.m; sourceTree = "<group>"; };
		4C1A75D71F38B028002C1379 /* MessageTableViewCell.h */ = {isa = PBXFileReference; fileEncoding = 4; lastKnownFileType = sourcecode.c.h; path = MessageTableViewCell.h; sourceTree = "<group>"; };
		4C1A75D81F38B028002C1379 /* MessageTableViewCell.m */ = {isa = PBXFileReference; fileEncoding = 4; lastKnownFileType = sourcecode.c.objc; path = MessageTableViewCell.m; sourceTree = "<group>"; };
		4C1A75D91F38B028002C1379 /* MessageTableViewCell.xib */ = {isa = PBXFileReference; fileEncoding = 4; lastKnownFileType = file.xib; path = MessageTableViewCell.xib; sourceTree = "<group>"; };
		4C1A75DC1F395A8F002C1379 /* MeetingViewCell.h */ = {isa = PBXFileReference; fileEncoding = 4; lastKnownFileType = sourcecode.c.h; path = MeetingViewCell.h; sourceTree = "<group>"; };
		4C1A75DD1F395A8F002C1379 /* MeetingViewCell.m */ = {isa = PBXFileReference; fileEncoding = 4; lastKnownFileType = sourcecode.c.objc; path = MeetingViewCell.m; sourceTree = "<group>"; };
		4C1A75DE1F395A8F002C1379 /* MeetingViewCell.xib */ = {isa = PBXFileReference; fileEncoding = 4; lastKnownFileType = file.xib; path = MeetingViewCell.xib; sourceTree = "<group>"; };
		4C1A75E11F3B462C002C1379 /* PaymentUnpaidViewController.h */ = {isa = PBXFileReference; fileEncoding = 4; lastKnownFileType = sourcecode.c.h; path = PaymentUnpaidViewController.h; sourceTree = "<group>"; };
		4C1A75E21F3B462C002C1379 /* PaymentUnpaidViewController.m */ = {isa = PBXFileReference; fileEncoding = 4; lastKnownFileType = sourcecode.c.objc; path = PaymentUnpaidViewController.m; sourceTree = "<group>"; };
		4C1A75E41F3B463D002C1379 /* PaymentPaidViewController.h */ = {isa = PBXFileReference; fileEncoding = 4; lastKnownFileType = sourcecode.c.h; path = PaymentPaidViewController.h; sourceTree = "<group>"; };
		4C1A75E51F3B463D002C1379 /* PaymentPaidViewController.m */ = {isa = PBXFileReference; fileEncoding = 4; lastKnownFileType = sourcecode.c.objc; path = PaymentPaidViewController.m; sourceTree = "<group>"; };
		4C1A75EA1F3B47E6002C1379 /* PaymentViewCell.h */ = {isa = PBXFileReference; fileEncoding = 4; lastKnownFileType = sourcecode.c.h; path = PaymentViewCell.h; sourceTree = "<group>"; };
		4C1A75EB1F3B47E6002C1379 /* PaymentViewCell.m */ = {isa = PBXFileReference; fileEncoding = 4; lastKnownFileType = sourcecode.c.objc; path = PaymentViewCell.m; sourceTree = "<group>"; };
		4C1A75EC1F3B47E6002C1379 /* PaymentViewCell.xib */ = {isa = PBXFileReference; fileEncoding = 4; lastKnownFileType = file.xib; path = PaymentViewCell.xib; sourceTree = "<group>"; };
		4C1A75EF1F3B5491002C1379 /* NoticeViewCell.h */ = {isa = PBXFileReference; fileEncoding = 4; lastKnownFileType = sourcecode.c.h; path = NoticeViewCell.h; sourceTree = "<group>"; };
		4C1A75F01F3B5491002C1379 /* NoticeViewCell.m */ = {isa = PBXFileReference; fileEncoding = 4; lastKnownFileType = sourcecode.c.objc; path = NoticeViewCell.m; sourceTree = "<group>"; };
		4C1A75F11F3B5491002C1379 /* NoticeViewCell.xib */ = {isa = PBXFileReference; fileEncoding = 4; lastKnownFileType = file.xib; path = NoticeViewCell.xib; sourceTree = "<group>"; };
		4C1A75F41F3C3CD5002C1379 /* VoteViewCell.h */ = {isa = PBXFileReference; fileEncoding = 4; lastKnownFileType = sourcecode.c.h; path = VoteViewCell.h; sourceTree = "<group>"; };
		4C1A75F51F3C3CD5002C1379 /* VoteViewCell.m */ = {isa = PBXFileReference; fileEncoding = 4; lastKnownFileType = sourcecode.c.objc; path = VoteViewCell.m; sourceTree = "<group>"; };
		4C1A75F61F3C3CD5002C1379 /* VoteViewCell.xib */ = {isa = PBXFileReference; fileEncoding = 4; lastKnownFileType = file.xib; path = VoteViewCell.xib; sourceTree = "<group>"; };
		4C1A75FA1F400F56002C1379 /* article1.html */ = {isa = PBXFileReference; fileEncoding = 4; lastKnownFileType = text.html; path = article1.html; sourceTree = "<group>"; };
		4C1A75FC1F40109F002C1379 /* marked.js */ = {isa = PBXFileReference; fileEncoding = 4; lastKnownFileType = sourcecode.javascript; path = marked.js; sourceTree = "<group>"; };
		4C1A75FE1F401490002C1379 /* main.css */ = {isa = PBXFileReference; fileEncoding = 4; lastKnownFileType = text.css; path = main.css; sourceTree = "<group>"; };
		4C1A76001F4022D3002C1379 /* article2.html */ = {isa = PBXFileReference; fileEncoding = 4; lastKnownFileType = text.html; path = article2.html; sourceTree = "<group>"; };
		4C1A76021F4056DB002C1379 /* article4.html */ = {isa = PBXFileReference; fileEncoding = 4; lastKnownFileType = text.html; path = article4.html; sourceTree = "<group>"; };
		4C1A76031F4056DB002C1379 /* article3.html */ = {isa = PBXFileReference; fileEncoding = 4; lastKnownFileType = text.html; path = article3.html; sourceTree = "<group>"; };
		4C1A76061F405D7B002C1379 /* AnotherMessageViewController.h */ = {isa = PBXFileReference; fileEncoding = 4; lastKnownFileType = sourcecode.c.h; path = AnotherMessageViewController.h; sourceTree = "<group>"; };
		4C1A76071F405D7B002C1379 /* AnotherMessageViewController.m */ = {isa = PBXFileReference; fileEncoding = 4; lastKnownFileType = sourcecode.c.objc; path = AnotherMessageViewController.m; sourceTree = "<group>"; };
		4C1DF0991F1DF1AD009BC27F /* PPAddressBookHandle.h */ = {isa = PBXFileReference; fileEncoding = 4; lastKnownFileType = sourcecode.c.h; path = PPAddressBookHandle.h; sourceTree = "<group>"; };
		4C1DF09A1F1DF1AD009BC27F /* PPAddressBookHandle.m */ = {isa = PBXFileReference; fileEncoding = 4; lastKnownFileType = sourcecode.c.objc; path = PPAddressBookHandle.m; sourceTree = "<group>"; };
		4C1DF09B1F1DF1AD009BC27F /* PPGetAddressBook.h */ = {isa = PBXFileReference; fileEncoding = 4; lastKnownFileType = sourcecode.c.h; path = PPGetAddressBook.h; sourceTree = "<group>"; };
		4C1DF09C1F1DF1AD009BC27F /* PPGetAddressBook.m */ = {isa = PBXFileReference; fileEncoding = 4; lastKnownFileType = sourcecode.c.objc; path = PPGetAddressBook.m; sourceTree = "<group>"; };
		4C1DF09D1F1DF1AD009BC27F /* PPPersonModel.h */ = {isa = PBXFileReference; fileEncoding = 4; lastKnownFileType = sourcecode.c.h; path = PPPersonModel.h; sourceTree = "<group>"; };
		4C1DF09E1F1DF1AD009BC27F /* PPPersonModel.m */ = {isa = PBXFileReference; fileEncoding = 4; lastKnownFileType = sourcecode.c.objc; path = PPPersonModel.m; sourceTree = "<group>"; };
		4C1DF09F1F1DF1AD009BC27F /* PPSingleton.h */ = {isa = PBXFileReference; fileEncoding = 4; lastKnownFileType = sourcecode.c.h; path = PPSingleton.h; sourceTree = "<group>"; };
		4C3DB7D81F131EAD006018C4 /* DeviceUtils.h */ = {isa = PBXFileReference; fileEncoding = 4; lastKnownFileType = sourcecode.c.h; path = DeviceUtils.h; sourceTree = "<group>"; };
		4C3DB7D91F131EAD006018C4 /* DeviceUtils.m */ = {isa = PBXFileReference; fileEncoding = 4; lastKnownFileType = sourcecode.c.objc; path = DeviceUtils.m; sourceTree = "<group>"; };
		4C3DB7DB1F132FDC006018C4 /* Macros.h */ = {isa = PBXFileReference; lastKnownFileType = sourcecode.c.h; path = Macros.h; sourceTree = "<group>"; };
		4C3DB7DC1F133076006018C4 /* PrefixHeader.pch */ = {isa = PBXFileReference; lastKnownFileType = sourcecode.c.h; path = PrefixHeader.pch; sourceTree = "<group>"; };
		4C3DB7DE1F1368B3006018C4 /* BaseService.h */ = {isa = PBXFileReference; fileEncoding = 4; lastKnownFileType = sourcecode.c.h; path = BaseService.h; sourceTree = "<group>"; };
		4C3DB7DF1F1368B3006018C4 /* BaseService.m */ = {isa = PBXFileReference; fileEncoding = 4; lastKnownFileType = sourcecode.c.objc; path = BaseService.m; sourceTree = "<group>"; };
		4C3DB7E11F136D14006018C4 /* HomeService.h */ = {isa = PBXFileReference; fileEncoding = 4; lastKnownFileType = sourcecode.c.h; path = HomeService.h; sourceTree = "<group>"; };
		4C3DB7E21F136D14006018C4 /* HomeService.m */ = {isa = PBXFileReference; fileEncoding = 4; lastKnownFileType = sourcecode.c.objc; path = HomeService.m; sourceTree = "<group>"; };
		4C3DB7E71F136EF0006018C4 /* BannerAPI.h */ = {isa = PBXFileReference; fileEncoding = 4; lastKnownFileType = sourcecode.c.h; path = BannerAPI.h; sourceTree = "<group>"; };
		4C3DB7E81F136EF0006018C4 /* BannerAPI.m */ = {isa = PBXFileReference; fileEncoding = 4; lastKnownFileType = sourcecode.c.objc; path = BannerAPI.m; sourceTree = "<group>"; };
		4C3DB7EB1F137100006018C4 /* Banner.h */ = {isa = PBXFileReference; fileEncoding = 4; lastKnownFileType = sourcecode.c.h; path = Banner.h; sourceTree = "<group>"; };
		4C3DB7EC1F137100006018C4 /* Banner.m */ = {isa = PBXFileReference; fileEncoding = 4; lastKnownFileType = sourcecode.c.objc; path = Banner.m; sourceTree = "<group>"; };
		4C3DB7F01F13A37E006018C4 /* InfinitePageView.h */ = {isa = PBXFileReference; fileEncoding = 4; lastKnownFileType = sourcecode.c.h; path = InfinitePageView.h; sourceTree = "<group>"; };
		4C3DB7F11F13A37E006018C4 /* InfinitePageView.m */ = {isa = PBXFileReference; fileEncoding = 4; lastKnownFileType = sourcecode.c.objc; path = InfinitePageView.m; sourceTree = "<group>"; };
		4C3DB7F41F13B51B006018C4 /* HomePageCollectionViewCell.h */ = {isa = PBXFileReference; fileEncoding = 4; lastKnownFileType = sourcecode.c.h; path = HomePageCollectionViewCell.h; sourceTree = "<group>"; };
		4C3DB7F51F13B51B006018C4 /* HomePageCollectionViewCell.m */ = {isa = PBXFileReference; fileEncoding = 4; lastKnownFileType = sourcecode.c.objc; path = HomePageCollectionViewCell.m; sourceTree = "<group>"; };
		4C3DB7F61F13B51B006018C4 /* HomePageCollectionViewCell.xib */ = {isa = PBXFileReference; fileEncoding = 4; lastKnownFileType = file.xib; path = HomePageCollectionViewCell.xib; sourceTree = "<group>"; };
		4C3DB7FB1F14A9EB006018C4 /* PartyContactsViewController.h */ = {isa = PBXFileReference; fileEncoding = 4; lastKnownFileType = sourcecode.c.h; path = PartyContactsViewController.h; sourceTree = "<group>"; };
		4C3DB7FC1F14A9EB006018C4 /* PartyContactsViewController.m */ = {isa = PBXFileReference; fileEncoding = 4; lastKnownFileType = sourcecode.c.objc; path = PartyContactsViewController.m; sourceTree = "<group>"; };
		4C3DB7FE1F14AA27006018C4 /* LocalContactsViewController.h */ = {isa = PBXFileReference; fileEncoding = 4; lastKnownFileType = sourcecode.c.h; path = LocalContactsViewController.h; sourceTree = "<group>"; };
		4C3DB7FF1F14AA27006018C4 /* LocalContactsViewController.m */ = {isa = PBXFileReference; fileEncoding = 4; lastKnownFileType = sourcecode.c.objc; path = LocalContactsViewController.m; sourceTree = "<group>"; };
		4C3DB8031F14AAB1006018C4 /* CAPSPageMenu.h */ = {isa = PBXFileReference; fileEncoding = 4; lastKnownFileType = sourcecode.c.h; path = CAPSPageMenu.h; sourceTree = "<group>"; };
		4C3DB8041F14AAB1006018C4 /* CAPSPageMenu.m */ = {isa = PBXFileReference; fileEncoding = 4; lastKnownFileType = sourcecode.c.objc; path = CAPSPageMenu.m; sourceTree = "<group>"; };
		4C3DB8081F151C50006018C4 /* NativeInjector.h */ = {isa = PBXFileReference; fileEncoding = 4; lastKnownFileType = sourcecode.c.h; path = NativeInjector.h; sourceTree = "<group>"; };
		4C3DB8091F151C50006018C4 /* NativeInjector.m */ = {isa = PBXFileReference; fileEncoding = 4; lastKnownFileType = sourcecode.c.objc; path = NativeInjector.m; sourceTree = "<group>"; };
		4C655C391F0F2D1400B6CD66 /* ErrorUtils.h */ = {isa = PBXFileReference; fileEncoding = 4; lastKnownFileType = sourcecode.c.h; path = ErrorUtils.h; sourceTree = "<group>"; };
		4C655C3A1F0F2D1400B6CD66 /* ErrorUtils.m */ = {isa = PBXFileReference; fileEncoding = 4; lastKnownFileType = sourcecode.c.objc; path = ErrorUtils.m; sourceTree = "<group>"; };
		4C8BA4671F24876000DA3F2E /* MBProgressHUD.h */ = {isa = PBXFileReference; fileEncoding = 4; lastKnownFileType = sourcecode.c.h; path = MBProgressHUD.h; sourceTree = "<group>"; };
		4C8BA4681F24876000DA3F2E /* MBProgressHUD.m */ = {isa = PBXFileReference; fileEncoding = 4; lastKnownFileType = sourcecode.c.objc; path = MBProgressHUD.m; sourceTree = "<group>"; };
		4C8BA46B1F2487C700DA3F2E /* MBProgressHUD+Utils.h */ = {isa = PBXFileReference; fileEncoding = 4; lastKnownFileType = sourcecode.c.h; path = "MBProgressHUD+Utils.h"; sourceTree = "<group>"; };
		4C8BA46C1F2487C700DA3F2E /* MBProgressHUD+Utils.m */ = {isa = PBXFileReference; fileEncoding = 4; lastKnownFileType = sourcecode.c.objc; path = "MBProgressHUD+Utils.m"; sourceTree = "<group>"; };
		4CBE570A1F15BE1B00333611 /* NativeStub.h */ = {isa = PBXFileReference; fileEncoding = 4; lastKnownFileType = sourcecode.c.h; path = NativeStub.h; sourceTree = "<group>"; };
		4CBE570B1F15BE1B00333611 /* NativeStub.m */ = {isa = PBXFileReference; fileEncoding = 4; lastKnownFileType = sourcecode.c.objc; path = NativeStub.m; sourceTree = "<group>"; };
		4CBE570D1F15C9DC00333611 /* NativeStub+Navigation.h */ = {isa = PBXFileReference; fileEncoding = 4; lastKnownFileType = sourcecode.c.h; path = "NativeStub+Navigation.h"; sourceTree = "<group>"; };
		4CBE570E1F15C9DC00333611 /* NativeStub+Navigation.m */ = {isa = PBXFileReference; fileEncoding = 4; lastKnownFileType = sourcecode.c.objc; path = "NativeStub+Navigation.m"; sourceTree = "<group>"; };
		4CBE57101F16011E00333611 /* WebViewController.h */ = {isa = PBXFileReference; fileEncoding = 4; lastKnownFileType = sourcecode.c.h; path = WebViewController.h; sourceTree = "<group>"; };
		4CBE57111F16011E00333611 /* WebViewController.m */ = {isa = PBXFileReference; fileEncoding = 4; lastKnownFileType = sourcecode.c.objc; path = WebViewController.m; sourceTree = "<group>"; };
		4CC0F6231F2AD2D300CF78DA /* PaymentViewController.h */ = {isa = PBXFileReference; fileEncoding = 4; lastKnownFileType = sourcecode.c.h; path = PaymentViewController.h; sourceTree = "<group>"; };
		4CC0F6241F2AD2D300CF78DA /* PaymentViewController.m */ = {isa = PBXFileReference; fileEncoding = 4; lastKnownFileType = sourcecode.c.objc; path = PaymentViewController.m; sourceTree = "<group>"; };
		4CC0F6261F2AD2F200CF78DA /* GroupNoticeViewController.h */ = {isa = PBXFileReference; fileEncoding = 4; lastKnownFileType = sourcecode.c.h; path = GroupNoticeViewController.h; sourceTree = "<group>"; };
		4CC0F6271F2AD2F200CF78DA /* GroupNoticeViewController.m */ = {isa = PBXFileReference; fileEncoding = 4; lastKnownFileType = sourcecode.c.objc; path = GroupNoticeViewController.m; sourceTree = "<group>"; };
		4CC0F6291F2AD31200CF78DA /* VoteViewController.h */ = {isa = PBXFileReference; fileEncoding = 4; lastKnownFileType = sourcecode.c.h; path = VoteViewController.h; sourceTree = "<group>"; };
		4CC0F62A1F2AD31200CF78DA /* VoteViewController.m */ = {isa = PBXFileReference; fileEncoding = 4; lastKnownFileType = sourcecode.c.objc; path = VoteViewController.m; sourceTree = "<group>"; };
		4CC0F62C1F2AD36A00CF78DA /* ActivityViewController.h */ = {isa = PBXFileReference; fileEncoding = 4; lastKnownFileType = sourcecode.c.h; path = ActivityViewController.h; sourceTree = "<group>"; };
		4CC0F62D1F2AD36A00CF78DA /* ActivityViewController.m */ = {isa = PBXFileReference; fileEncoding = 4; lastKnownFileType = sourcecode.c.objc; path = ActivityViewController.m; sourceTree = "<group>"; };
		4CC0F62F1F2AD77F00CF78DA /* MeetingsViewController.h */ = {isa = PBXFileReference; fileEncoding = 4; lastKnownFileType = sourcecode.c.h; path = MeetingsViewController.h; sourceTree = "<group>"; };
		4CC0F6301F2AD77F00CF78DA /* MeetingsViewController.m */ = {isa = PBXFileReference; fileEncoding = 4; lastKnownFileType = sourcecode.c.objc; path = MeetingsViewController.m; sourceTree = "<group>"; };
		4CC0F6351F2ADF3300CF78DA /* VoteTableViewCell.h */ = {isa = PBXFileReference; fileEncoding = 4; lastKnownFileType = sourcecode.c.h; path = VoteTableViewCell.h; sourceTree = "<group>"; };
		4CC5E59C1F25949200E30779 /* HeaderView.h */ = {isa = PBXFileReference; fileEncoding = 4; lastKnownFileType = sourcecode.c.h; path = HeaderView.h; sourceTree = "<group>"; };
		4CC5E59D1F25949200E30779 /* HeaderView.m */ = {isa = PBXFileReference; fileEncoding = 4; lastKnownFileType = sourcecode.c.objc; path = HeaderView.m; sourceTree = "<group>"; };
		4CC5E59F1F2594A200E30779 /* HeaderView.xib */ = {isa = PBXFileReference; fileEncoding = 4; lastKnownFileType = file.xib; path = HeaderView.xib; sourceTree = "<group>"; };
		4CC5E5A11F2598AE00E30779 /* UIView+NibLoading.h */ = {isa = PBXFileReference; fileEncoding = 4; lastKnownFileType = sourcecode.c.h; path = "UIView+NibLoading.h"; sourceTree = "<group>"; };
		4CC5E5A21F2598AE00E30779 /* UIView+NibLoading.m */ = {isa = PBXFileReference; fileEncoding = 4; lastKnownFileType = sourcecode.c.objc; path = "UIView+NibLoading.m"; sourceTree = "<group>"; };
		4CF236081F00AB24003CAA9E /* PartyContacts.app */ = {isa = PBXFileReference; explicitFileType = wrapper.application; includeInIndex = 0; path = PartyContacts.app; sourceTree = BUILT_PRODUCTS_DIR; };
		4CF2360C1F00AB24003CAA9E /* main.m */ = {isa = PBXFileReference; lastKnownFileType = sourcecode.c.objc; path = main.m; sourceTree = "<group>"; };
		4CF2360E1F00AB24003CAA9E /* AppDelegate.h */ = {isa = PBXFileReference; lastKnownFileType = sourcecode.c.h; path = AppDelegate.h; sourceTree = "<group>"; };
		4CF2360F1F00AB24003CAA9E /* AppDelegate.m */ = {isa = PBXFileReference; lastKnownFileType = sourcecode.c.objc; path = AppDelegate.m; sourceTree = "<group>"; };
		4CF236181F00AB24003CAA9E /* Base */ = {isa = PBXFileReference; lastKnownFileType = file.storyboard; name = Base; path = Base.lproj/Main.storyboard; sourceTree = "<group>"; };
		4CF2361A1F00AB24003CAA9E /* Assets.xcassets */ = {isa = PBXFileReference; lastKnownFileType = folder.assetcatalog; path = Assets.xcassets; sourceTree = "<group>"; };
		4CF2361D1F00AB24003CAA9E /* Base */ = {isa = PBXFileReference; lastKnownFileType = file.storyboard; name = Base; path = Base.lproj/LaunchScreen.storyboard; sourceTree = "<group>"; };
		4CF2361F1F00AB24003CAA9E /* Info.plist */ = {isa = PBXFileReference; lastKnownFileType = text.plist.xml; path = Info.plist; sourceTree = "<group>"; };
		4CF236251F00AC54003CAA9E /* HomePageViewController.h */ = {isa = PBXFileReference; fileEncoding = 4; lastKnownFileType = sourcecode.c.h; path = HomePageViewController.h; sourceTree = "<group>"; };
		4CF236261F00AC54003CAA9E /* HomePageViewController.m */ = {isa = PBXFileReference; fileEncoding = 4; lastKnownFileType = sourcecode.c.objc; path = HomePageViewController.m; sourceTree = "<group>"; };
		4CF236281F00AC70003CAA9E /* MessageViewController.h */ = {isa = PBXFileReference; fileEncoding = 4; lastKnownFileType = sourcecode.c.h; path = MessageViewController.h; sourceTree = "<group>"; };
		4CF236291F00AC70003CAA9E /* MessageViewController.m */ = {isa = PBXFileReference; fileEncoding = 4; lastKnownFileType = sourcecode.c.objc; path = MessageViewController.m; sourceTree = "<group>"; };
		4CF2362B1F00AC7E003CAA9E /* ContactsViewController.h */ = {isa = PBXFileReference; fileEncoding = 4; lastKnownFileType = sourcecode.c.h; path = ContactsViewController.h; sourceTree = "<group>"; };
		4CF2362C1F00AC7E003CAA9E /* ContactsViewController.m */ = {isa = PBXFileReference; fileEncoding = 4; lastKnownFileType = sourcecode.c.objc; path = ContactsViewController.m; sourceTree = "<group>"; };
		4CF2362E1F00ACA2003CAA9E /* MineViewController.h */ = {isa = PBXFileReference; fileEncoding = 4; lastKnownFileType = sourcecode.c.h; path = MineViewController.h; sourceTree = "<group>"; };
		4CF2362F1F00ACA2003CAA9E /* MineViewController.m */ = {isa = PBXFileReference; fileEncoding = 4; lastKnownFileType = sourcecode.c.objc; path = MineViewController.m; sourceTree = "<group>"; };
		4CF236391F00B5E2003CAA9E /* UINavigationBar+Awesome.h */ = {isa = PBXFileReference; fileEncoding = 4; lastKnownFileType = sourcecode.c.h; path = "UINavigationBar+Awesome.h"; sourceTree = "<group>"; };
		4CF2363A1F00B5E2003CAA9E /* UINavigationBar+Awesome.m */ = {isa = PBXFileReference; fileEncoding = 4; lastKnownFileType = sourcecode.c.objc; path = "UINavigationBar+Awesome.m"; sourceTree = "<group>"; };
		4CF2363F1F0A2367003CAA9E /* BaseRequest.h */ = {isa = PBXFileReference; fileEncoding = 4; lastKnownFileType = sourcecode.c.h; path = BaseRequest.h; sourceTree = "<group>"; };
		4CF236401F0A2367003CAA9E /* BaseRequest.m */ = {isa = PBXFileReference; fileEncoding = 4; lastKnownFileType = sourcecode.c.objc; path = BaseRequest.m; sourceTree = "<group>"; };
		4CF236421F0A2394003CAA9E /* ServerAPIResponse.h */ = {isa = PBXFileReference; fileEncoding = 4; lastKnownFileType = sourcecode.c.h; path = ServerAPIResponse.h; sourceTree = "<group>"; };
		4CF236431F0A2394003CAA9E /* ServerAPIResponse.m */ = {isa = PBXFileReference; fileEncoding = 4; lastKnownFileType = sourcecode.c.objc; path = ServerAPIResponse.m; sourceTree = "<group>"; };
		4CF236451F0A78EC003CAA9E /* ServerAPIConstants.h */ = {isa = PBXFileReference; fileEncoding = 4; lastKnownFileType = sourcecode.c.h; path = ServerAPIConstants.h; sourceTree = "<group>"; };
		4CF236461F0A78EC003CAA9E /* ServerAPIConstants.m */ = {isa = PBXFileReference; fileEncoding = 4; lastKnownFileType = sourcecode.c.objc; path = ServerAPIConstants.m; sourceTree = "<group>"; };
		4CF2364A1F0A8325003CAA9E /* URLCacheDAO.h */ = {isa = PBXFileReference; fileEncoding = 4; lastKnownFileType = sourcecode.c.h; path = URLCacheDAO.h; sourceTree = "<group>"; };
		4CF2364B1F0A8325003CAA9E /* URLCacheDAO.m */ = {isa = PBXFileReference; fileEncoding = 4; lastKnownFileType = sourcecode.c.objc; path = URLCacheDAO.m; sourceTree = "<group>"; };
		4CF2364E1F0BBDB2003CAA9E /* StringUtils.h */ = {isa = PBXFileReference; fileEncoding = 4; lastKnownFileType = sourcecode.c.h; path = StringUtils.h; sourceTree = "<group>"; };
		4CF2364F1F0BBDB2003CAA9E /* StringUtils.m */ = {isa = PBXFileReference; fileEncoding = 4; lastKnownFileType = sourcecode.c.objc; path = StringUtils.m; sourceTree = "<group>"; };
		4CF236511F0BC96B003CAA9E /* URLUtils.h */ = {isa = PBXFileReference; fileEncoding = 4; lastKnownFileType = sourcecode.c.h; path = URLUtils.h; sourceTree = "<group>"; };
		4CF236521F0BC96B003CAA9E /* URLUtils.m */ = {isa = PBXFileReference; fileEncoding = 4; lastKnownFileType = sourcecode.c.objc; path = URLUtils.m; sourceTree = "<group>"; };
		4CF236571F0D1692003CAA9E /* NSURL+QueryDictionary.h */ = {isa = PBXFileReference; fileEncoding = 4; lastKnownFileType = sourcecode.c.h; path = "NSURL+QueryDictionary.h"; sourceTree = "<group>"; };
		4CF236581F0D1692003CAA9E /* NSURL+QueryDictionary.m */ = {isa = PBXFileReference; fileEncoding = 4; lastKnownFileType = sourcecode.c.objc; path = "NSURL+QueryDictionary.m"; sourceTree = "<group>"; };
		4CF2365D1F0D2084003CAA9E /* ServerAPIUtils.h */ = {isa = PBXFileReference; fileEncoding = 4; lastKnownFileType = sourcecode.c.h; path = ServerAPIUtils.h; sourceTree = "<group>"; };
		4CF2365E1F0D2084003CAA9E /* ServerAPIUtils.m */ = {isa = PBXFileReference; fileEncoding = 4; lastKnownFileType = sourcecode.c.objc; path = ServerAPIUtils.m; sourceTree = "<group>"; };
		9916C8790250D61FCA0377F4 /* Pods-PartyContacts.debug.xcconfig */ = {isa = PBXFileReference; includeInIndex = 1; lastKnownFileType = text.xcconfig; name = "Pods-PartyContacts.debug.xcconfig"; path = "Pods/Target Support Files/Pods-PartyContacts/Pods-PartyContacts.debug.xcconfig"; sourceTree = "<group>"; };
		AC6BAC3AC28E34B9EBE90B00 /* libPods-PartyContacts.a */ = {isa = PBXFileReference; explicitFileType = archive.ar; includeInIndex = 0; path = "libPods-PartyContacts.a"; sourceTree = BUILT_PRODUCTS_DIR; };
		EC7977D993A1E9F9741C7CBD /* Pods-PartyContacts.release.xcconfig */ = {isa = PBXFileReference; includeInIndex = 1; lastKnownFileType = text.xcconfig; name = "Pods-PartyContacts.release.xcconfig"; path = "Pods/Target Support Files/Pods-PartyContacts/Pods-PartyContacts.release.xcconfig"; sourceTree = "<group>"; };
/* End PBXFileReference section */

/* Begin PBXFrameworksBuildPhase section */
		4CF236051F00AB24003CAA9E /* Frameworks */ = {
			isa = PBXFrameworksBuildPhase;
			buildActionMask = 2147483647;
			files = (
				2EE24B19518F006F14C02A32 /* libPods-PartyContacts.a in Frameworks */,
			);
			runOnlyForDeploymentPostprocessing = 0;
		};
/* End PBXFrameworksBuildPhase section */

/* Begin PBXGroup section */
		4C1DF0981F1DF1AD009BC27F /* PPGetAddressBook */ = {
			isa = PBXGroup;
			children = (
				4C1DF0991F1DF1AD009BC27F /* PPAddressBookHandle.h */,
				4C1DF09A1F1DF1AD009BC27F /* PPAddressBookHandle.m */,
				4C1DF09B1F1DF1AD009BC27F /* PPGetAddressBook.h */,
				4C1DF09C1F1DF1AD009BC27F /* PPGetAddressBook.m */,
				4C1DF09D1F1DF1AD009BC27F /* PPPersonModel.h */,
				4C1DF09E1F1DF1AD009BC27F /* PPPersonModel.m */,
				4C1DF09F1F1DF1AD009BC27F /* PPSingleton.h */,
			);
			path = PPGetAddressBook;
			sourceTree = "<group>";
		};
		4C3DB7DD1F136877006018C4 /* Services */ = {
			isa = PBXGroup;
			children = (
				4C3DB7DE1F1368B3006018C4 /* BaseService.h */,
				4C3DB7DF1F1368B3006018C4 /* BaseService.m */,
				4C3DB7E11F136D14006018C4 /* HomeService.h */,
				4C3DB7E21F136D14006018C4 /* HomeService.m */,
			);
			path = Services;
			sourceTree = "<group>";
		};
		4C3DB7EA1F1370ED006018C4 /* Models */ = {
			isa = PBXGroup;
			children = (
				4C3DB7EB1F137100006018C4 /* Banner.h */,
				4C3DB7EC1F137100006018C4 /* Banner.m */,
			);
			path = Models;
			sourceTree = "<group>";
		};
		4C3DB7EF1F13A36A006018C4 /* InfinitePageView */ = {
			isa = PBXGroup;
			children = (
				4C3DB7F01F13A37E006018C4 /* InfinitePageView.h */,
				4C3DB7F11F13A37E006018C4 /* InfinitePageView.m */,
			);
			path = InfinitePageView;
			sourceTree = "<group>";
		};
		4C3DB7F31F13B4C8006018C4 /* Views */ = {
			isa = PBXGroup;
			children = (
				4C3DB7F41F13B51B006018C4 /* HomePageCollectionViewCell.h */,
				4C3DB7F51F13B51B006018C4 /* HomePageCollectionViewCell.m */,
				4C3DB7F61F13B51B006018C4 /* HomePageCollectionViewCell.xib */,
				4CC5E59C1F25949200E30779 /* HeaderView.h */,
				4CC5E59D1F25949200E30779 /* HeaderView.m */,
				4CC5E59F1F2594A200E30779 /* HeaderView.xib */,
				4CC0F6351F2ADF3300CF78DA /* VoteTableViewCell.h */,
				4C1A75D71F38B028002C1379 /* MessageTableViewCell.h */,
				4C1A75D81F38B028002C1379 /* MessageTableViewCell.m */,
				4C1A75D91F38B028002C1379 /* MessageTableViewCell.xib */,
				4C1A75DC1F395A8F002C1379 /* MeetingViewCell.h */,
				4C1A75DD1F395A8F002C1379 /* MeetingViewCell.m */,
				4C1A75DE1F395A8F002C1379 /* MeetingViewCell.xib */,
				4C1A75EA1F3B47E6002C1379 /* PaymentViewCell.h */,
				4C1A75EB1F3B47E6002C1379 /* PaymentViewCell.m */,
				4C1A75EC1F3B47E6002C1379 /* PaymentViewCell.xib */,
				4C1A75EF1F3B5491002C1379 /* NoticeViewCell.h */,
				4C1A75F01F3B5491002C1379 /* NoticeViewCell.m */,
				4C1A75F11F3B5491002C1379 /* NoticeViewCell.xib */,
				4C1A75F41F3C3CD5002C1379 /* VoteViewCell.h */,
				4C1A75F51F3C3CD5002C1379 /* VoteViewCell.m */,
				4C1A75F61F3C3CD5002C1379 /* VoteViewCell.xib */,
			);
			path = Views;
			sourceTree = "<group>";
		};
		4C3DB8021F14AAB1006018C4 /* PageMenu */ = {
			isa = PBXGroup;
			children = (
				4C3DB8031F14AAB1006018C4 /* CAPSPageMenu.h */,
				4C3DB8041F14AAB1006018C4 /* CAPSPageMenu.m */,
			);
			path = PageMenu;
			sourceTree = "<group>";
		};
		4C3DB8071F151C3D006018C4 /* Hybrid */ = {
			isa = PBXGroup;
			children = (
				4C3DB8081F151C50006018C4 /* NativeInjector.h */,
				4C3DB8091F151C50006018C4 /* NativeInjector.m */,
				4CBE570A1F15BE1B00333611 /* NativeStub.h */,
				4CBE570B1F15BE1B00333611 /* NativeStub.m */,
				4CBE570D1F15C9DC00333611 /* NativeStub+Navigation.h */,
				4CBE570E1F15C9DC00333611 /* NativeStub+Navigation.m */,
			);
			path = Hybrid;
			sourceTree = "<group>";
		};
		4C8BA4661F24876000DA3F2E /* MBProgressHUD */ = {
			isa = PBXGroup;
			children = (
				4C8BA4671F24876000DA3F2E /* MBProgressHUD.h */,
				4C8BA4681F24876000DA3F2E /* MBProgressHUD.m */,
			);
			path = MBProgressHUD;
			sourceTree = "<group>";
		};
		4C8BA46A1F24879B00DA3F2E /* Categories */ = {
			isa = PBXGroup;
			children = (
				4C8BA46B1F2487C700DA3F2E /* MBProgressHUD+Utils.h */,
				4C8BA46C1F2487C700DA3F2E /* MBProgressHUD+Utils.m */,
				4CC5E5A11F2598AE00E30779 /* UIView+NibLoading.h */,
				4CC5E5A21F2598AE00E30779 /* UIView+NibLoading.m */,
			);
			path = Categories;
			sourceTree = "<group>";
		};
		4CF235FF1F00AB24003CAA9E = {
			isa = PBXGroup;
			children = (
				4CF2360A1F00AB24003CAA9E /* PartyContacts */,
				4CF236091F00AB24003CAA9E /* Products */,
				8EF51CAD7F792FD37FFB2977 /* Pods */,
				8F75135042C0A86ADE77F0BC /* Frameworks */,
			);
			sourceTree = "<group>";
		};
		4CF236091F00AB24003CAA9E /* Products */ = {
			isa = PBXGroup;
			children = (
				4CF236081F00AB24003CAA9E /* PartyContacts.app */,
			);
			name = Products;
			sourceTree = "<group>";
		};
		4CF2360A1F00AB24003CAA9E /* PartyContacts */ = {
			isa = PBXGroup;
			children = (
				4CF236351F00B583003CAA9E /* ViewControllers */,
				4C3DB7F31F13B4C8006018C4 /* Views */,
				4C3DB7EA1F1370ED006018C4 /* Models */,
				4C3DB8071F151C3D006018C4 /* Hybrid */,
				4C3DB7DD1F136877006018C4 /* Services */,
				4CF2364D1F0BBDA4003CAA9E /* Utils */,
				4CF236491F0A830E003CAA9E /* Storage */,
				4CF2363E1F0A2345003CAA9E /* ServerAPI */,
				4CF236371F00B5B6003CAA9E /* ThirdParty */,
				4C8BA46A1F24879B00DA3F2E /* Categories */,
				4CF2360B1F00AB24003CAA9E /* Supporting Files */,
			);
			path = PartyContacts;
			sourceTree = "<group>";
		};
		4CF2360B1F00AB24003CAA9E /* Supporting Files */ = {
			isa = PBXGroup;
			children = (
				4C1A76021F4056DB002C1379 /* article4.html */,
				4C1A76031F4056DB002C1379 /* article3.html */,
				4C1A76001F4022D3002C1379 /* article2.html */,
				4C1A75FE1F401490002C1379 /* main.css */,
				4C1A75FC1F40109F002C1379 /* marked.js */,
				4C1A75FA1F400F56002C1379 /* article1.html */,
				4CF2360E1F00AB24003CAA9E /* AppDelegate.h */,
				4CF2360F1F00AB24003CAA9E /* AppDelegate.m */,
				4CF2361A1F00AB24003CAA9E /* Assets.xcassets */,
				4CF2361F1F00AB24003CAA9E /* Info.plist */,
				4CF2361C1F00AB24003CAA9E /* LaunchScreen.storyboard */,
				4CF236171F00AB24003CAA9E /* Main.storyboard */,
				4CF2360C1F00AB24003CAA9E /* main.m */,
				4C3DB7DB1F132FDC006018C4 /* Macros.h */,
				4C3DB7DC1F133076006018C4 /* PrefixHeader.pch */,
			);
			name = "Supporting Files";
			sourceTree = "<group>";
		};
		4CF236351F00B583003CAA9E /* ViewControllers */ = {
			isa = PBXGroup;
			children = (
				4CF236251F00AC54003CAA9E /* HomePageViewController.h */,
				4CF236261F00AC54003CAA9E /* HomePageViewController.m */,
				4CF236281F00AC70003CAA9E /* MessageViewController.h */,
				4CF236291F00AC70003CAA9E /* MessageViewController.m */,
				4CF2362B1F00AC7E003CAA9E /* ContactsViewController.h */,
				4CF2362C1F00AC7E003CAA9E /* ContactsViewController.m */,
				4CF2362E1F00ACA2003CAA9E /* MineViewController.h */,
				4CF2362F1F00ACA2003CAA9E /* MineViewController.m */,
				4C3DB7FB1F14A9EB006018C4 /* PartyContactsViewController.h */,
				4C3DB7FC1F14A9EB006018C4 /* PartyContactsViewController.m */,
				4C3DB7FE1F14AA27006018C4 /* LocalContactsViewController.h */,
				4C3DB7FF1F14AA27006018C4 /* LocalContactsViewController.m */,
				4CBE57101F16011E00333611 /* WebViewController.h */,
				4CBE57111F16011E00333611 /* WebViewController.m */,
				4CC0F6231F2AD2D300CF78DA /* PaymentViewController.h */,
				4CC0F6241F2AD2D300CF78DA /* PaymentViewController.m */,
				4CC0F6261F2AD2F200CF78DA /* GroupNoticeViewController.h */,
				4CC0F6271F2AD2F200CF78DA /* GroupNoticeViewController.m */,
				4CC0F6291F2AD31200CF78DA /* VoteViewController.h */,
				4CC0F62A1F2AD31200CF78DA /* VoteViewController.m */,
				4CC0F62C1F2AD36A00CF78DA /* ActivityViewController.h */,
				4CC0F62D1F2AD36A00CF78DA /* ActivityViewController.m */,
				4CC0F62F1F2AD77F00CF78DA /* MeetingsViewController.h */,
				4CC0F6301F2AD77F00CF78DA /* MeetingsViewController.m */,
				4C1A75D41F380A05002C1379 /* TabBarViewController.h */,
				4C1A75D51F380A05002C1379 /* TabBarViewController.m */,
				4C1A75E11F3B462C002C1379 /* PaymentUnpaidViewController.h */,
				4C1A75E21F3B462C002C1379 /* PaymentUnpaidViewController.m */,
				4C1A75E41F3B463D002C1379 /* PaymentPaidViewController.h */,
				4C1A75E51F3B463D002C1379 /* PaymentPaidViewController.m */,
				4C1A76061F405D7B002C1379 /* AnotherMessageViewController.h */,
				4C1A76071F405D7B002C1379 /* AnotherMessageViewController.m */,
			);
			name = ViewControllers;
			sourceTree = "<group>";
		};
		4CF236371F00B5B6003CAA9E /* ThirdParty */ = {
			isa = PBXGroup;
			children = (
				4C8BA4661F24876000DA3F2E /* MBProgressHUD */,
				4C1DF0981F1DF1AD009BC27F /* PPGetAddressBook */,
				4C3DB8021F14AAB1006018C4 /* PageMenu */,
				4C3DB7EF1F13A36A006018C4 /* InfinitePageView */,
				4CF236541F0D1692003CAA9E /* NSURL+QueryDictionary */,
				4CF236381F00B5E2003CAA9E /* LTNavigationBar */,
			);
			name = ThirdParty;
			sourceTree = "<group>";
		};
		4CF236381F00B5E2003CAA9E /* LTNavigationBar */ = {
			isa = PBXGroup;
			children = (
				4CF236391F00B5E2003CAA9E /* UINavigationBar+Awesome.h */,
				4CF2363A1F00B5E2003CAA9E /* UINavigationBar+Awesome.m */,
			);
			path = LTNavigationBar;
			sourceTree = "<group>";
		};
		4CF2363E1F0A2345003CAA9E /* ServerAPI */ = {
			isa = PBXGroup;
			children = (
				4CF2363F1F0A2367003CAA9E /* BaseRequest.h */,
				4CF236401F0A2367003CAA9E /* BaseRequest.m */,
				4CF236421F0A2394003CAA9E /* ServerAPIResponse.h */,
				4CF236431F0A2394003CAA9E /* ServerAPIResponse.m */,
				4CF236451F0A78EC003CAA9E /* ServerAPIConstants.h */,
				4CF236461F0A78EC003CAA9E /* ServerAPIConstants.m */,
				4C3DB7E71F136EF0006018C4 /* BannerAPI.h */,
				4C3DB7E81F136EF0006018C4 /* BannerAPI.m */,
			);
			path = ServerAPI;
			sourceTree = "<group>";
		};
		4CF236491F0A830E003CAA9E /* Storage */ = {
			isa = PBXGroup;
			children = (
				4CF2364A1F0A8325003CAA9E /* URLCacheDAO.h */,
				4CF2364B1F0A8325003CAA9E /* URLCacheDAO.m */,
			);
			path = Storage;
			sourceTree = "<group>";
		};
		4CF2364D1F0BBDA4003CAA9E /* Utils */ = {
			isa = PBXGroup;
			children = (
				4CF2364E1F0BBDB2003CAA9E /* StringUtils.h */,
				4CF2364F1F0BBDB2003CAA9E /* StringUtils.m */,
				4CF236511F0BC96B003CAA9E /* URLUtils.h */,
				4CF236521F0BC96B003CAA9E /* URLUtils.m */,
				4CF2365D1F0D2084003CAA9E /* ServerAPIUtils.h */,
				4CF2365E1F0D2084003CAA9E /* ServerAPIUtils.m */,
				4C655C391F0F2D1400B6CD66 /* ErrorUtils.h */,
				4C655C3A1F0F2D1400B6CD66 /* ErrorUtils.m */,
				4C3DB7D81F131EAD006018C4 /* DeviceUtils.h */,
				4C3DB7D91F131EAD006018C4 /* DeviceUtils.m */,
			);
			path = Utils;
			sourceTree = "<group>";
		};
		4CF236541F0D1692003CAA9E /* NSURL+QueryDictionary */ = {
			isa = PBXGroup;
			children = (
				4CF236561F0D1692003CAA9E /* NSURL+QueryDictionary */,
			);
			path = "NSURL+QueryDictionary";
			sourceTree = "<group>";
		};
		4CF236561F0D1692003CAA9E /* NSURL+QueryDictionary */ = {
			isa = PBXGroup;
			children = (
				4CF236571F0D1692003CAA9E /* NSURL+QueryDictionary.h */,
				4CF236581F0D1692003CAA9E /* NSURL+QueryDictionary.m */,
			);
			path = "NSURL+QueryDictionary";
			sourceTree = "<group>";
		};
		8EF51CAD7F792FD37FFB2977 /* Pods */ = {
			isa = PBXGroup;
			children = (
				9916C8790250D61FCA0377F4 /* Pods-PartyContacts.debug.xcconfig */,
				EC7977D993A1E9F9741C7CBD /* Pods-PartyContacts.release.xcconfig */,
			);
			name = Pods;
			sourceTree = "<group>";
		};
		8F75135042C0A86ADE77F0BC /* Frameworks */ = {
			isa = PBXGroup;
			children = (
				AC6BAC3AC28E34B9EBE90B00 /* libPods-PartyContacts.a */,
			);
			name = Frameworks;
			sourceTree = "<group>";
		};
/* End PBXGroup section */

/* Begin PBXNativeTarget section */
		4CF236071F00AB24003CAA9E /* PartyContacts */ = {
			isa = PBXNativeTarget;
			buildConfigurationList = 4CF236221F00AB24003CAA9E /* Build configuration list for PBXNativeTarget "PartyContacts" */;
			buildPhases = (
				109C03CD2F6DD11F813351E8 /* [CP] Check Pods Manifest.lock */,
				4CF236041F00AB24003CAA9E /* Sources */,
				4CF236051F00AB24003CAA9E /* Frameworks */,
				4CF236061F00AB24003CAA9E /* Resources */,
				017CF820892377801AB5B582 /* [CP] Embed Pods Frameworks */,
				ABB280973978D08E3B640C45 /* [CP] Copy Pods Resources */,
			);
			buildRules = (
			);
			dependencies = (
			);
			name = PartyContacts;
			productName = PartyContacts;
			productReference = 4CF236081F00AB24003CAA9E /* PartyContacts.app */;
			productType = "com.apple.product-type.application";
		};
/* End PBXNativeTarget section */

/* Begin PBXProject section */
		4CF236001F00AB24003CAA9E /* Project object */ = {
			isa = PBXProject;
			attributes = {
				LastUpgradeCheck = 0830;
				ORGANIZATIONNAME = Michael;
				TargetAttributes = {
					4CF236071F00AB24003CAA9E = {
						CreatedOnToolsVersion = 8.3.2;
						DevelopmentTeam = JTVP4Z7968;
						ProvisioningStyle = Automatic;
					};
				};
			};
			buildConfigurationList = 4CF236031F00AB24003CAA9E /* Build configuration list for PBXProject "PartyContacts" */;
			compatibilityVersion = "Xcode 3.2";
			developmentRegion = English;
			hasScannedForEncodings = 0;
			knownRegions = (
				en,
				Base,
			);
			mainGroup = 4CF235FF1F00AB24003CAA9E;
			productRefGroup = 4CF236091F00AB24003CAA9E /* Products */;
			projectDirPath = "";
			projectRoot = "";
			targets = (
				4CF236071F00AB24003CAA9E /* PartyContacts */,
			);
		};
/* End PBXProject section */

/* Begin PBXResourcesBuildPhase section */
		4CF236061F00AB24003CAA9E /* Resources */ = {
			isa = PBXResourcesBuildPhase;
			buildActionMask = 2147483647;
			files = (
				4C1A75FD1F40109F002C1379 /* marked.js in Resources */,
				4C3DB7F81F13B51B006018C4 /* HomePageCollectionViewCell.xib in Resources */,
				4C1A75FF1F401490002C1379 /* main.css in Resources */,
				4C1A75DB1F38B028002C1379 /* MessageTableViewCell.xib in Resources */,
				4C1A76041F4056DB002C1379 /* article4.html in Resources */,
				4C1A75FB1F400F56002C1379 /* article1.html in Resources */,
				4CC5E5A01F2594A200E30779 /* HeaderView.xib in Resources */,
				4C1A76051F4056DB002C1379 /* article3.html in Resources */,
				4C1A75E01F395A8F002C1379 /* MeetingViewCell.xib in Resources */,
				4CF2361E1F00AB24003CAA9E /* LaunchScreen.storyboard in Resources */,
				4C1A76011F4022D3002C1379 /* article2.html in Resources */,
				4C1A75EE1F3B47E6002C1379 /* PaymentViewCell.xib in Resources */,
				4C1A75F31F3B5491002C1379 /* NoticeViewCell.xib in Resources */,
				4CF2361B1F00AB24003CAA9E /* Assets.xcassets in Resources */,
				4C1A75F81F3C3CD5002C1379 /* VoteViewCell.xib in Resources */,
				4CF236191F00AB24003CAA9E /* Main.storyboard in Resources */,
			);
			runOnlyForDeploymentPostprocessing = 0;
		};
/* End PBXResourcesBuildPhase section */

/* Begin PBXShellScriptBuildPhase section */
		017CF820892377801AB5B582 /* [CP] Embed Pods Frameworks */ = {
			isa = PBXShellScriptBuildPhase;
			buildActionMask = 2147483647;
			files = (
			);
			inputPaths = (
			);
			name = "[CP] Embed Pods Frameworks";
			outputPaths = (
			);
			runOnlyForDeploymentPostprocessing = 0;
			shellPath = /bin/sh;
			shellScript = "\"${SRCROOT}/Pods/Target Support Files/Pods-PartyContacts/Pods-PartyContacts-frameworks.sh\"\n";
			showEnvVarsInLog = 0;
		};
		109C03CD2F6DD11F813351E8 /* [CP] Check Pods Manifest.lock */ = {
			isa = PBXShellScriptBuildPhase;
			buildActionMask = 2147483647;
			files = (
			);
			inputPaths = (
			);
			name = "[CP] Check Pods Manifest.lock";
			outputPaths = (
			);
			runOnlyForDeploymentPostprocessing = 0;
			shellPath = /bin/sh;
			shellScript = "diff \"${PODS_PODFILE_DIR_PATH}/Podfile.lock\" \"${PODS_ROOT}/Manifest.lock\" > /dev/null\nif [ $? != 0 ] ; then\n    # print error to STDERR\n    echo \"error: The sandbox is not in sync with the Podfile.lock. Run 'pod install' or update your CocoaPods installation.\" >&2\n    exit 1\nfi\n";
			showEnvVarsInLog = 0;
		};
		ABB280973978D08E3B640C45 /* [CP] Copy Pods Resources */ = {
			isa = PBXShellScriptBuildPhase;
			buildActionMask = 2147483647;
			files = (
			);
			inputPaths = (
			);
			name = "[CP] Copy Pods Resources";
			outputPaths = (
			);
			runOnlyForDeploymentPostprocessing = 0;
			shellPath = /bin/sh;
			shellScript = "\"${SRCROOT}/Pods/Target Support Files/Pods-PartyContacts/Pods-PartyContacts-resources.sh\"\n";
			showEnvVarsInLog = 0;
		};
/* End PBXShellScriptBuildPhase section */

/* Begin PBXSourcesBuildPhase section */
		4CF236041F00AB24003CAA9E /* Sources */ = {
			isa = PBXSourcesBuildPhase;
			buildActionMask = 2147483647;
			files = (
				4CF236441F0A2394003CAA9E /* ServerAPIResponse.m in Sources */,
				4CBE57121F16011E00333611 /* WebViewController.m in Sources */,
				4C1A75DA1F38B028002C1379 /* MessageTableViewCell.m in Sources */,
				4CF2365B1F0D1692003CAA9E /* NSURL+QueryDictionary.m in Sources */,
				4C1A75E31F3B462C002C1379 /* PaymentUnpaidViewController.m in Sources */,
				4C3DB80A1F151C50006018C4 /* NativeInjector.m in Sources */,
				4C1A75ED1F3B47E6002C1379 /* PaymentViewCell.m in Sources */,
				4C3DB7E31F136D14006018C4 /* HomeService.m in Sources */,
				4CC0F6281F2AD2F200CF78DA /* GroupNoticeViewController.m in Sources */,
				4C8BA46D1F2487C700DA3F2E /* MBProgressHUD+Utils.m in Sources */,
				4C1DF0A01F1DF1AD009BC27F /* PPAddressBookHandle.m in Sources */,
				4C3DB7E91F136EF0006018C4 /* BannerAPI.m in Sources */,
				4C8BA4691F24876000DA3F2E /* MBProgressHUD.m in Sources */,
				4CF236531F0BC96B003CAA9E /* URLUtils.m in Sources */,
				4C3DB7ED1F137100006018C4 /* Banner.m in Sources */,
				4CF2364C1F0A8325003CAA9E /* URLCacheDAO.m in Sources */,
				4C1A75F71F3C3CD5002C1379 /* VoteViewCell.m in Sources */,
				4C1A75DF1F395A8F002C1379 /* MeetingViewCell.m in Sources */,
				4C3DB8001F14AA27006018C4 /* LocalContactsViewController.m in Sources */,
				4C1A75F21F3B5491002C1379 /* NoticeViewCell.m in Sources */,
				4CF236471F0A78EC003CAA9E /* ServerAPIConstants.m in Sources */,
				4CF236101F00AB24003CAA9E /* AppDelegate.m in Sources */,
				4C3DB7E01F1368B3006018C4 /* BaseService.m in Sources */,
				4CF236501F0BBDB2003CAA9E /* StringUtils.m in Sources */,
				4CF2360D1F00AB24003CAA9E /* main.m in Sources */,
				4CF2362D1F00AC7E003CAA9E /* ContactsViewController.m in Sources */,
				4CC5E59E1F25949200E30779 /* HeaderView.m in Sources */,
				4CF2363B1F00B5E2003CAA9E /* UINavigationBar+Awesome.m in Sources */,
				4C1A76081F405D7B002C1379 /* AnotherMessageViewController.m in Sources */,
				4C3DB7F71F13B51B006018C4 /* HomePageCollectionViewCell.m in Sources */,
				4C3DB8051F14AAB1006018C4 /* CAPSPageMenu.m in Sources */,
				4CBE570F1F15C9DC00333611 /* NativeStub+Navigation.m in Sources */,
				4CC5E5A31F2598AE00E30779 /* UIView+NibLoading.m in Sources */,
				4CF236411F0A2367003CAA9E /* BaseRequest.m in Sources */,
				4C3DB7DA1F131EAD006018C4 /* DeviceUtils.m in Sources */,
				4CF236301F00ACA2003CAA9E /* MineViewController.m in Sources */,
				4C655C3B1F0F2D1400B6CD66 /* ErrorUtils.m in Sources */,
				4C1A75E61F3B463D002C1379 /* PaymentPaidViewController.m in Sources */,
				4CC0F6251F2AD2D300CF78DA /* PaymentViewController.m in Sources */,
				4CF2365F1F0D2084003CAA9E /* ServerAPIUtils.m in Sources */,
				4C3DB7F21F13A37E006018C4 /* InfinitePageView.m in Sources */,
				4CBE570C1F15BE1B00333611 /* NativeStub.m in Sources */,
				4CF2362A1F00AC70003CAA9E /* MessageViewController.m in Sources */,
				4C3DB7FD1F14A9EB006018C4 /* PartyContactsViewController.m in Sources */,
				4CC0F62B1F2AD31200CF78DA /* VoteViewController.m in Sources */,
				4C1DF0A21F1DF1AD009BC27F /* PPPersonModel.m in Sources */,
				4CC0F62E1F2AD36A00CF78DA /* ActivityViewController.m in Sources */,
				4C1A75D61F380A05002C1379 /* TabBarViewController.m in Sources */,
				4C1DF0A11F1DF1AD009BC27F /* PPGetAddressBook.m in Sources */,
				4CC0F6311F2AD77F00CF78DA /* MeetingsViewController.m in Sources */,
				4CF236271F00AC54003CAA9E /* HomePageViewController.m in Sources */,
			);
			runOnlyForDeploymentPostprocessing = 0;
		};
/* End PBXSourcesBuildPhase section */

/* Begin PBXVariantGroup section */
		4CF236171F00AB24003CAA9E /* Main.storyboard */ = {
			isa = PBXVariantGroup;
			children = (
				4CF236181F00AB24003CAA9E /* Base */,
			);
			name = Main.storyboard;
			sourceTree = "<group>";
		};
		4CF2361C1F00AB24003CAA9E /* LaunchScreen.storyboard */ = {
			isa = PBXVariantGroup;
			children = (
				4CF2361D1F00AB24003CAA9E /* Base */,
			);
			name = LaunchScreen.storyboard;
			sourceTree = "<group>";
		};
/* End PBXVariantGroup section */

/* Begin XCBuildConfiguration section */
		4CF236201F00AB24003CAA9E /* Debug */ = {
			isa = XCBuildConfiguration;
			buildSettings = {
				ALWAYS_SEARCH_USER_PATHS = NO;
				CLANG_ANALYZER_NONNULL = YES;
				CLANG_ANALYZER_NUMBER_OBJECT_CONVERSION = YES_AGGRESSIVE;
				CLANG_CXX_LANGUAGE_STANDARD = "gnu++0x";
				CLANG_CXX_LIBRARY = "libc++";
				CLANG_ENABLE_MODULES = YES;
				CLANG_ENABLE_OBJC_ARC = YES;
				CLANG_WARN_BOOL_CONVERSION = YES;
				CLANG_WARN_CONSTANT_CONVERSION = YES;
				CLANG_WARN_DIRECT_OBJC_ISA_USAGE = YES_ERROR;
				CLANG_WARN_DOCUMENTATION_COMMENTS = YES;
				CLANG_WARN_EMPTY_BODY = YES;
				CLANG_WARN_ENUM_CONVERSION = YES;
				CLANG_WARN_INFINITE_RECURSION = YES;
				CLANG_WARN_INT_CONVERSION = YES;
				CLANG_WARN_OBJC_ROOT_CLASS = YES_ERROR;
				CLANG_WARN_SUSPICIOUS_MOVE = YES;
				CLANG_WARN_UNREACHABLE_CODE = YES;
				CLANG_WARN__DUPLICATE_METHOD_MATCH = YES;
				"CODE_SIGN_IDENTITY[sdk=iphoneos*]" = "iPhone Developer";
				COPY_PHASE_STRIP = NO;
				DEBUG_INFORMATION_FORMAT = dwarf;
				ENABLE_STRICT_OBJC_MSGSEND = YES;
				ENABLE_TESTABILITY = YES;
				GCC_C_LANGUAGE_STANDARD = gnu99;
				GCC_DYNAMIC_NO_PIC = NO;
				GCC_NO_COMMON_BLOCKS = YES;
				GCC_OPTIMIZATION_LEVEL = 0;
				GCC_PREPROCESSOR_DEFINITIONS = (
					"DEBUG=1",
					"$(inherited)",
				);
				GCC_WARN_64_TO_32_BIT_CONVERSION = YES;
				GCC_WARN_ABOUT_RETURN_TYPE = YES_ERROR;
				GCC_WARN_UNDECLARED_SELECTOR = YES;
				GCC_WARN_UNINITIALIZED_AUTOS = YES_AGGRESSIVE;
				GCC_WARN_UNUSED_FUNCTION = YES;
				GCC_WARN_UNUSED_VARIABLE = YES;
				IPHONEOS_DEPLOYMENT_TARGET = 10.3;
				MTL_ENABLE_DEBUG_INFO = YES;
				ONLY_ACTIVE_ARCH = YES;
				SDKROOT = iphoneos;
			};
			name = Debug;
		};
		4CF236211F00AB24003CAA9E /* Release */ = {
			isa = XCBuildConfiguration;
			buildSettings = {
				ALWAYS_SEARCH_USER_PATHS = NO;
				CLANG_ANALYZER_NONNULL = YES;
				CLANG_ANALYZER_NUMBER_OBJECT_CONVERSION = YES_AGGRESSIVE;
				CLANG_CXX_LANGUAGE_STANDARD = "gnu++0x";
				CLANG_CXX_LIBRARY = "libc++";
				CLANG_ENABLE_MODULES = YES;
				CLANG_ENABLE_OBJC_ARC = YES;
				CLANG_WARN_BOOL_CONVERSION = YES;
				CLANG_WARN_CONSTANT_CONVERSION = YES;
				CLANG_WARN_DIRECT_OBJC_ISA_USAGE = YES_ERROR;
				CLANG_WARN_DOCUMENTATION_COMMENTS = YES;
				CLANG_WARN_EMPTY_BODY = YES;
				CLANG_WARN_ENUM_CONVERSION = YES;
				CLANG_WARN_INFINITE_RECURSION = YES;
				CLANG_WARN_INT_CONVERSION = YES;
				CLANG_WARN_OBJC_ROOT_CLASS = YES_ERROR;
				CLANG_WARN_SUSPICIOUS_MOVE = YES;
				CLANG_WARN_UNREACHABLE_CODE = YES;
				CLANG_WARN__DUPLICATE_METHOD_MATCH = YES;
				"CODE_SIGN_IDENTITY[sdk=iphoneos*]" = "iPhone Developer";
				COPY_PHASE_STRIP = NO;
				DEBUG_INFORMATION_FORMAT = "dwarf-with-dsym";
				ENABLE_NS_ASSERTIONS = NO;
				ENABLE_STRICT_OBJC_MSGSEND = YES;
				GCC_C_LANGUAGE_STANDARD = gnu99;
				GCC_NO_COMMON_BLOCKS = YES;
				GCC_WARN_64_TO_32_BIT_CONVERSION = YES;
				GCC_WARN_ABOUT_RETURN_TYPE = YES_ERROR;
				GCC_WARN_UNDECLARED_SELECTOR = YES;
				GCC_WARN_UNINITIALIZED_AUTOS = YES_AGGRESSIVE;
				GCC_WARN_UNUSED_FUNCTION = YES;
				GCC_WARN_UNUSED_VARIABLE = YES;
				IPHONEOS_DEPLOYMENT_TARGET = 10.3;
				MTL_ENABLE_DEBUG_INFO = NO;
				SDKROOT = iphoneos;
				VALIDATE_PRODUCT = YES;
			};
			name = Release;
		};
		4CF236231F00AB24003CAA9E /* Debug */ = {
			isa = XCBuildConfiguration;
			baseConfigurationReference = 9916C8790250D61FCA0377F4 /* Pods-PartyContacts.debug.xcconfig */;
			buildSettings = {
				ASSETCATALOG_COMPILER_APPICON_NAME = AppIcon;
				DEVELOPMENT_TEAM = JTVP4Z7968;
				GCC_PRECOMPILE_PREFIX_HEADER = YES;
				GCC_PREFIX_HEADER = /Users/Michael/Developer/PartyContacts/PartyContacts/PrefixHeader.pch;
				INFOPLIST_FILE = PartyContacts/Info.plist;
				LD_RUNPATH_SEARCH_PATHS = "$(inherited) @executable_path/Frameworks";
				PRODUCT_BUNDLE_IDENTIFIER = com.MichaelOpenSourceFactory.PartyContacts;
				PRODUCT_NAME = "$(TARGET_NAME)";
			};
			name = Debug;
		};
		4CF236241F00AB24003CAA9E /* Release */ = {
			isa = XCBuildConfiguration;
			baseConfigurationReference = EC7977D993A1E9F9741C7CBD /* Pods-PartyContacts.release.xcconfig */;
			buildSettings = {
				ASSETCATALOG_COMPILER_APPICON_NAME = AppIcon;
				DEVELOPMENT_TEAM = JTVP4Z7968;
				GCC_PRECOMPILE_PREFIX_HEADER = YES;
				GCC_PREFIX_HEADER = /Users/Michael/Developer/PartyContacts/PartyContacts/PrefixHeader.pch;
				INFOPLIST_FILE = PartyContacts/Info.plist;
				LD_RUNPATH_SEARCH_PATHS = "$(inherited) @executable_path/Frameworks";
				PRODUCT_BUNDLE_IDENTIFIER = com.MichaelOpenSourceFactory.PartyContacts;
				PRODUCT_NAME = "$(TARGET_NAME)";
			};
			name = Release;
		};
/* End XCBuildConfiguration section */

/* Begin XCConfigurationList section */
		4CF236031F00AB24003CAA9E /* Build configuration list for PBXProject "PartyContacts" */ = {
			isa = XCConfigurationList;
			buildConfigurations = (
				4CF236201F00AB24003CAA9E /* Debug */,
				4CF236211F00AB24003CAA9E /* Release */,
			);
			defaultConfigurationIsVisible = 0;
			defaultConfigurationName = Release;
		};
		4CF236221F00AB24003CAA9E /* Build configuration list for PBXNativeTarget "PartyContacts" */ = {
			isa = XCConfigurationList;
			buildConfigurations = (
				4CF236231F00AB24003CAA9E /* Debug */,
				4CF236241F00AB24003CAA9E /* Release */,
			);
			defaultConfigurationIsVisible = 0;
			defaultConfigurationName = Release;
		};
/* End XCConfigurationList section */
	};
	rootObject = 4CF236001F00AB24003CAA9E /* Project object */;
}
